// !$*UTF8*$!
{
	archiveVersion = 1;
	classes = {
	};
	objectVersion = 52;
	objects = {

/* Begin PBXBuildFile section */
		0207DA581B56EA530066E2B4 /* Images.xcassets in Resources */ = {isa = PBXBuildFile; fileRef = 0207DA571B56EA530066E2B4 /* Images.xcassets */; };
		06EF73BF7C834A25AAE0626C /* NSString+SSURLEncoding.m in Sources */ = {isa = PBXBuildFile; fileRef = 81D3BC8D9A054A4FB541A68F /* NSString+SSURLEncoding.m */; };
		07211FD498F640BDA0AFC9A0 /* FirebaseCrashlyticsPlugin.m in Sources */ = {isa = PBXBuildFile; fileRef = 0DC19BF37AF34FC1A8E88A9F /* FirebaseCrashlyticsPlugin.m */; };
		11338F117334413C975D7415 /* IRoot.m in Sources */ = {isa = PBXBuildFile; fileRef = C5644BA67FDE4CACAB3B89FF /* IRoot.m */; };
		14B27BA0C0804B98861FC3F0 /* AgentifaiHelper.swift in Sources */ = {isa = PBXBuildFile; fileRef = BCA2ACD8CB8249F8B9364262 /* AgentifaiHelper.swift */; };
		1A54976B9242450FBB28CEB1 /* SpeechRecognition.m in Sources */ = {isa = PBXBuildFile; fileRef = 9F0A73A28BE8414AA157AD87 /* SpeechRecognition.m */; };
		1B2FAC1156E14FB0B8380D83 /* AFURLSessionManager.m in Sources */ = {isa = PBXBuildFile; fileRef = B8B419AEE60A4EDFB3592570 /* AFURLSessionManager.m */; };
		1D3623260D0F684500981E51 /* AppDelegate.m in Sources */ = {isa = PBXBuildFile; fileRef = 1D3623250D0F684500981E51 /* AppDelegate.m */; };
		1D60589B0D05DD56006BFB54 /* main.m in Sources */ = {isa = PBXBuildFile; fileRef = 29B97316FDCFA39411CA2CEA /* main.m */; };
		1E0B30E8A28D4C31B5BF80BA /* FirebaseMessagingPlugin.m in Sources */ = {isa = PBXBuildFile; fileRef = ABAF20C5DF8B45B59953B5EB /* FirebaseMessagingPlugin.m */; };
		1EDBDE0A9BB64A7C9A656A73 /* MessageUI.framework in Frameworks */ = {isa = PBXBuildFile; fileRef = D121075F82A54301B688C31D /* MessageUI.framework */; settings = {ATTRIBUTES = (Weak, ); }; };
		273B0ED5A01F4FF9BD3E33B3 /* CDVAssetLibraryFilesystem.m in Sources */ = {isa = PBXBuildFile; fileRef = 47D5BB23B56E4556BA319EF8 /* CDVAssetLibraryFilesystem.m */; };
		2A1835A68C2948F9B5B72F82 /* CDVWKWebViewEngine.m in Sources */ = {isa = PBXBuildFile; fileRef = 0DFA7C80E1FB4D5BB2CBB7E6 /* CDVWKWebViewEngine.m */; };
		301BF552109A68D80062928A /* libCordova.a in Frameworks */ = {isa = PBXBuildFile; fileRef = 301BF535109A57CC0062928A /* libCordova.a */; settings = {ATTRIBUTES = (Required, ); }; };
		302D95F114D2391D003F00A1 /* MainViewController.m in Sources */ = {isa = PBXBuildFile; fileRef = 302D95EF14D2391D003F00A1 /* MainViewController.m */; };
		302D95F214D2391D003F00A1 /* MainViewController.xib in Resources */ = {isa = PBXBuildFile; fileRef = 302D95F014D2391D003F00A1 /* MainViewController.xib */; };
		35703A6FC5A54E09A02D69C5 /* GoogleService-Info.plist in Resources */ = {isa = PBXBuildFile; fileRef = 4BCF0A75833044BFB587A1C6 /* GoogleService-Info.plist */; };
		3770CA26353D4401B86BCB7B /* AFURLRequestSerialization.m in Sources */ = {isa = PBXBuildFile; fileRef = C3261449D5964D71ABF632AD /* AFURLRequestSerialization.m */; };
		379E2C6826614D28ABEAFD74 /* AgentifaiBridge.swift in Sources */ = {isa = PBXBuildFile; fileRef = C0D03299CCC94AE5869D2FA8 /* AgentifaiBridge.swift */; };
		4814EED063C14C899EC07DA1 /* AFURLResponseSerialization.m in Sources */ = {isa = PBXBuildFile; fileRef = E10735A6707E425384E911C8 /* AFURLResponseSerialization.m */; };
		4861B163AE02437DB821D69D /* Fingerprint.swift in Sources */ = {isa = PBXBuildFile; fileRef = B285CF8CB2744D03B41790A2 /* Fingerprint.swift */; };
		4943858169104A85AED195B1 /* CDVInAppBrowserNavigationController.m in Sources */ = {isa = PBXBuildFile; fileRef = EFBC01721F94432EAD78E9EC /* CDVInAppBrowserNavigationController.m */; };
		4DB58ADC04874F6E9DACF82B /* SystemConfiguration.framework in Frameworks */ = {isa = PBXBuildFile; fileRef = 0191A073584F437EB7961563 /* SystemConfiguration.framework */; };
		5041EEDB58404C01B45BE2EE /* Sim.m in Sources */ = {isa = PBXBuildFile; fileRef = 7CBFE97E2F23423186135A12 /* Sim.m */; };
		5637565C087D4E9CA0E7DB46 /* CDVInAppBrowserOptions.m in Sources */ = {isa = PBXBuildFile; fileRef = B1BB1496F1A94012925E19B1 /* CDVInAppBrowserOptions.m */; };
		58E3C4D77D9F4CE0BE3A15D2 /* AppAvailability.m in Sources */ = {isa = PBXBuildFile; fileRef = D7D07C05E84C4861818C1657 /* AppAvailability.m */; };
		5B3F0049A5AC4718A68703C1 /* AppDelegate+FirebaseMessagingPlugin.m in Sources */ = {isa = PBXBuildFile; fileRef = 9ED0B4F1275E44CCBFF84BDA /* AppDelegate+FirebaseMessagingPlugin.m */; };
		63120F4D24EC350635B45648 /* Pods_Agentifai_CGD.framework in Frameworks */ = {isa = PBXBuildFile; fileRef = AF6EF25742AEE7823FEB6CF2 /* Pods_Agentifai_CGD.framework */; };
		63181C8C8F0E41D680F1D33E /* KeychainItemWrapper.h in Sources */ = {isa = PBXBuildFile; fileRef = 7F264158B18043DE9BA5B36F /* KeychainItemWrapper.h */; };
		6AFF5BF91D6E424B00AB3073 /* CDVLaunchScreen.storyboard in Resources */ = {isa = PBXBuildFile; fileRef = 6AFF5BF81D6E424B00AB3073 /* CDVLaunchScreen.storyboard */; };
		6D892AB8B1CD43069310F6A2 /* AFNetworkReachabilityManager.m in Sources */ = {isa = PBXBuildFile; fileRef = 8A3D0D9EF27942E4AE2D5891 /* AFNetworkReachabilityManager.m */; };
		7141DCE15E89486B9E1CE785 /* CordovaHttpPlugin.m in Sources */ = {isa = PBXBuildFile; fileRef = 1789624D1C67491CB112BF01 /* CordovaHttpPlugin.m */; };
		7146D5B2F90F476397C2E0D7 /* CDVWKInAppBrowserUIDelegate.m in Sources */ = {isa = PBXBuildFile; fileRef = 9EF8BBAF0645497DA639E925 /* CDVWKInAppBrowserUIDelegate.m */; };
		7492E846F8194EB8B4F22C4C /* TextResponseSerializer.m in Sources */ = {isa = PBXBuildFile; fileRef = E70696E305A541368B204435 /* TextResponseSerializer.m */; };
		74CBCFDB4EA443509066D4C8 /* CDVOrientation.m in Sources */ = {isa = PBXBuildFile; fileRef = EF7B071EC7204481BA011C46 /* CDVOrientation.m */; };
		754921D68B1A4D728A7DB9E1 /* CDVWKInAppBrowser.m in Sources */ = {isa = PBXBuildFile; fileRef = DEF8E79048F0456190AB5B15 /* CDVWKInAppBrowser.m */; };
		75B549E2B12E4A9D85B4AE72 /* AppVersion.m in Sources */ = {isa = PBXBuildFile; fileRef = 0A8469DD0BFD4EA09FB66DD5 /* AppVersion.m */; };
		7A16D5278A124F6FA5F0ABA9 /* NativeStorage.m in Sources */ = {isa = PBXBuildFile; fileRef = 0657BC57AB564D53B711F398 /* NativeStorage.m */; };
		7A8A16F408F2488E9C3EB924 /* BinaryResponseSerializer.m in Sources */ = {isa = PBXBuildFile; fileRef = 8919B359F8AE47FE90E40DB4 /* BinaryResponseSerializer.m */; };
		7F4E161422C24D0DB3BA06C7 /* CDVIonicKeyboard.m in Sources */ = {isa = PBXBuildFile; fileRef = 81B3229F9C5249B1A1B97DBD /* CDVIonicKeyboard.m */; };
		81D6A8FD424B45B5B19F1E81 /* CDVDevice.m in Sources */ = {isa = PBXBuildFile; fileRef = B58500BC0CB64E1FB5D29F85 /* CDVDevice.m */; };
		9196CAC3207A4F0BBDCE0A86 /* SDNetworkActivityIndicator.m in Sources */ = {isa = PBXBuildFile; fileRef = 36479DE4D7994A4FBC7E9F40 /* SDNetworkActivityIndicator.m */; };
		93DE7F21B4694A889B211518 /* AppDelegate+threedeetouch.m in Sources */ = {isa = PBXBuildFile; fileRef = 387CC02017D5411D8CA58C14 /* AppDelegate+threedeetouch.m */; };
		97530F2BBDBD45FBA849CBE1 /* WebKit.framework in Frameworks */ = {isa = PBXBuildFile; fileRef = 8AFAD5B1300B4E098FF9D9B3 /* WebKit.framework */; settings = {ATTRIBUTES = (Weak, ); }; };
		9D2EBE408CDC443AAA61942C /* CDVWKWebViewUIDelegate.m in Sources */ = {isa = PBXBuildFile; fileRef = 891E974D9CCB4DB8B9B9BDBC /* CDVWKWebViewUIDelegate.m */; };
		9D6FDEBAA7EF44D8891FC700 /* BinaryRequestSerializer.m in Sources */ = {isa = PBXBuildFile; fileRef = 9BE7003F414D4EE8AE96B6E3 /* BinaryRequestSerializer.m */; };
		9EAC960A1A3B4705A7D151A7 /* Speech.framework in Frameworks */ = {isa = PBXBuildFile; fileRef = 634C0D4A88B04816A018EF42 /* Speech.framework */; };
		9EAF758A1EE843B59495FB9B /* AgentifaiPluginError.swift in Sources */ = {isa = PBXBuildFile; fileRef = 6D4908A8309E43B1A74268E8 /* AgentifaiPluginError.swift */; };
		9F8FF2FEBAEA47D78BCB688A /* CDVLocalFilesystem.m in Sources */ = {isa = PBXBuildFile; fileRef = AE62A418604A486D8B6080BE /* CDVLocalFilesystem.m */; };
		A1553D7D1D5B46C2AC1FC069 /* SecureKeyStore.m in Sources */ = {isa = PBXBuildFile; fileRef = 57C8B9A2198444BFA866FF1C /* SecureKeyStore.m */; };
		A7F4BCAFD0084F12B5B58047 /* KeychainItemWrapper.m in Sources */ = {isa = PBXBuildFile; fileRef = 09C044216FBD4D609859259A /* KeychainItemWrapper.m */; };
		A91C27C1EE3D434C85F8EF02 /* IONAssetHandler.m in Sources */ = {isa = PBXBuildFile; fileRef = FCB6079421BB4FBEB8F2452D /* IONAssetHandler.m */; };
		AA030F49BC2E49239EF17E1B /* Social.framework in Frameworks */ = {isa = PBXBuildFile; fileRef = F3B9A9732AB54C49B1E9BE6F /* Social.framework */; settings = {ATTRIBUTES = (Weak, ); }; };
		C68BFC3D65634E449B7FEF01 /* CDVStatusBar.m in Sources */ = {isa = PBXBuildFile; fileRef = 73482ADEE2744F2C83712980 /* CDVStatusBar.m */; };
		D10184E5BD624C02AF495037 /* CoreTelephony.framework in Frameworks */ = {isa = PBXBuildFile; fileRef = 2C3C2AC4CDA9428C9E63212E /* CoreTelephony.framework */; };
		D206A82E7EE04BD988EF8413 /* SocialSharing.m in Sources */ = {isa = PBXBuildFile; fileRef = 15520EE38F004037B429C0F9 /* SocialSharing.m */; };
		D3FF06A791574662BD061AAF /* CDVFile.m in Sources */ = {isa = PBXBuildFile; fileRef = AB5FAE58BA50488B96599C94 /* CDVFile.m */; };
		D9D6453839F54F0691A39EA2 /* ThreeDeeTouch.m in Sources */ = {isa = PBXBuildFile; fileRef = B6603EB0B85742A9A830243E /* ThreeDeeTouch.m */; };
		E52C36BA1FB041FF883B2D8A /* Security.framework in Frameworks */ = {isa = PBXBuildFile; fileRef = 6D1F56D99F1249D0914DDAE4 /* Security.framework */; };
		E6C665F57E634A71866B6B2E /* FileOpener2.m in Sources */ = {isa = PBXBuildFile; fileRef = AF70C22E7B59430BA4AE295E /* FileOpener2.m */; };
		E75241C5F5DC46AF9EED87DB /* TextRequestSerializer.m in Sources */ = {isa = PBXBuildFile; fileRef = D696CFC5BA33451B916517D7 /* TextRequestSerializer.m */; };
		E996FB24196640809CDB172E /* FirebaseAnalyticsPlugin.m in Sources */ = {isa = PBXBuildFile; fileRef = 0A48222B20F94C3B8D4AD481 /* FirebaseAnalyticsPlugin.m */; };
		F238C184AD08455EB1041196 /* CDVWKProcessPoolFactory.m in Sources */ = {isa = PBXBuildFile; fileRef = 13A40557BE404D45859831EA /* CDVWKProcessPoolFactory.m */; };
		F626BBED9FE440D08AF23714 /* AFSecurityPolicy.m in Sources */ = {isa = PBXBuildFile; fileRef = 92A88DE5656F49999081C8E5 /* AFSecurityPolicy.m */; };
		F8ECFF610670419CA44BE7D8 /* AFHTTPSessionManager.m in Sources */ = {isa = PBXBuildFile; fileRef = 174677BC35BB4A48B88EC44E /* AFHTTPSessionManager.m */; };
		8B493734764F4ADEB177188F /* AssistantConfiguration.json in Resources */ = {isa = PBXBuildFile; fileRef = FC52DF74EACE4B90A953814B /* AssistantConfiguration.json */; };
		2BA61A54588F4C50AD4B6849 /* AssistantConfigurationDark.json in Resources */ = {isa = PBXBuildFile; fileRef = BABD5BAC725F4F32A94A0B40 /* AssistantConfigurationDark.json */; };
		57A0034629A94BB2B9B1BBED /* close.json in Resources */ = {isa = PBXBuildFile; fileRef = 12DE5F9B55CC4C97A6081157 /* close.json */; };
		27CC85C3C0CC462BA2ADA0C7 /* info.json in Resources */ = {isa = PBXBuildFile; fileRef = 3986C1A9393D4756B02D6C73 /* info.json */; };
		F51B903E5DEB430A96D66E1E /* info_close.json in Resources */ = {isa = PBXBuildFile; fileRef = C5EC7CFAD4A7419B821752B9 /* info_close.json */; };
		358B0C73304F4E9F85B2455B /* info_open.json in Resources */ = {isa = PBXBuildFile; fileRef = 84B0ECCF1119453AA825BB70 /* info_open.json */; };
		169C8C8D41C6406EB05B26D9 /* loading.json in Resources */ = {isa = PBXBuildFile; fileRef = 3E0F97830AFF4B00896EDFBD /* loading.json */; };
		B6E63FA311BA413CA63AE039 /* open.json in Resources */ = {isa = PBXBuildFile; fileRef = F257D596D7C94034ACBD6C04 /* open.json */; };
		9D9C3141EC234C378C3AE3B9 /* standby.json in Resources */ = {isa = PBXBuildFile; fileRef = E22978E1B24A4F9DB1E7D4E9 /* standby.json */; };
		4AF448FE136E40CCB3C367E2 /* talking.json in Resources */ = {isa = PBXBuildFile; fileRef = 80155B77B6DE419FB07BBAF5 /* talking.json */; };
		2409F8E92F8641D2BA957F60 /* typing.json in Resources */ = {isa = PBXBuildFile; fileRef = EA53CFA457CF4EAEA67D7E61 /* typing.json */; };
		B1914EA2509F4415B299F1B6 /* Agentifai-Symbols.ttf in Resources */ = {isa = PBXBuildFile; fileRef = D618C8BD6723437390F4A8AB /* Agentifai-Symbols.ttf */; };
		0B0C6AAA436D47CDAF109B0D /* Roboto-Bold.ttf in Resources */ = {isa = PBXBuildFile; fileRef = 2A1E0EB867524323B1F18BF2 /* Roboto-Bold.ttf */; };
		45ABA1C118F443F2A047712A /* Roboto-Italic.ttf in Resources */ = {isa = PBXBuildFile; fileRef = 25431BAE11C54B78BEAE9CDA /* Roboto-Italic.ttf */; };
		36ECF1D913994FA8A585F62A /* Roboto-Light.ttf in Resources */ = {isa = PBXBuildFile; fileRef = BD220646E87A47AE9F75D80A /* Roboto-Light.ttf */; };
		EC64546C682C4A408B5A0609 /* Roboto-Medium.ttf in Resources */ = {isa = PBXBuildFile; fileRef = 13A6F7DBE89842DCAAE2FE97 /* Roboto-Medium.ttf */; };
		D58C9DE3F7BE4972A3694A46 /* Roboto-Regular.ttf in Resources */ = {isa = PBXBuildFile; fileRef = BDB77B46D775480E99898FA2 /* Roboto-Regular.ttf */; };
/* End PBXBuildFile section */

/* Begin PBXContainerItemProxy section */
		301BF534109A57CC0062928A /* PBXContainerItemProxy */ = {
			isa = PBXContainerItemProxy;
			containerPortal = 301BF52D109A57CC0062928A /* CordovaLib.xcodeproj */;
			proxyType = 2;
			remoteGlobalIDString = D2AAC07E0554694100DB518D;
			remoteInfo = CordovaLib;
		};
		301BF550109A68C00062928A /* PBXContainerItemProxy */ = {
			isa = PBXContainerItemProxy;
			containerPortal = 301BF52D109A57CC0062928A /* CordovaLib.xcodeproj */;
			proxyType = 1;
			remoteGlobalIDString = D2AAC07D0554694100DB518D;
			remoteInfo = CordovaLib;
		};
		907D8123214C687600058A10 /* PBXContainerItemProxy */ = {
			isa = PBXContainerItemProxy;
			containerPortal = 301BF52D109A57CC0062928A /* CordovaLib.xcodeproj */;
			proxyType = 2;
			remoteGlobalIDString = C0C01EB21E3911D50056E6CB;
			remoteInfo = Cordova;
		};
/* End PBXContainerItemProxy section */

/* Begin PBXFileReference section */
		0191A073584F437EB7961563 /* SystemConfiguration.framework */ = {isa = PBXFileReference; explicitFileType = undefined; fileEncoding = undefined; includeInIndex = 0; lastKnownFileType = wrapper.framework; name = SystemConfiguration.framework; path = System/Library/Frameworks/SystemConfiguration.framework; sourceTree = SDKROOT; };
		0207DA571B56EA530066E2B4 /* Images.xcassets */ = {isa = PBXFileReference; lastKnownFileType = folder.assetcatalog; name = Images.xcassets; path = "Agentifai CGD/Images.xcassets"; sourceTree = SOURCE_ROOT; };
		0657BC57AB564D53B711F398 /* NativeStorage.m */ = {isa = PBXFileReference; explicitFileType = undefined; fileEncoding = 4; includeInIndex = 0; lastKnownFileType = sourcecode.c.objc; name = NativeStorage.m; path = "cordova-plugin-nativestorage/NativeStorage.m"; sourceTree = "<group>"; };
		09764CE0D74F4428A7F925CE /* CDVOrientation.h */ = {isa = PBXFileReference; explicitFileType = undefined; fileEncoding = 4; includeInIndex = 0; lastKnownFileType = sourcecode.c.h; name = CDVOrientation.h; path = "cordova-plugin-screen-orientation/CDVOrientation.h"; sourceTree = "<group>"; };
		09C044216FBD4D609859259A /* KeychainItemWrapper.m */ = {isa = PBXFileReference; explicitFileType = undefined; fileEncoding = 4; includeInIndex = 0; lastKnownFileType = sourcecode.c.objc; name = KeychainItemWrapper.m; path = "cordova-plugin-secure-key-store/KeychainItemWrapper.m"; sourceTree = "<group>"; };
		0A48222B20F94C3B8D4AD481 /* FirebaseAnalyticsPlugin.m */ = {isa = PBXFileReference; explicitFileType = undefined; fileEncoding = 4; includeInIndex = 0; lastKnownFileType = sourcecode.c.objc; name = FirebaseAnalyticsPlugin.m; path = "cordova-plugin-firebase-analytics/FirebaseAnalyticsPlugin.m"; sourceTree = "<group>"; };
		0A8469DD0BFD4EA09FB66DD5 /* AppVersion.m */ = {isa = PBXFileReference; explicitFileType = undefined; fileEncoding = 4; includeInIndex = 0; lastKnownFileType = sourcecode.c.objc; name = AppVersion.m; path = "cordova-plugin-app-version/AppVersion.m"; sourceTree = "<group>"; };
		0BD4D95A88C6433DADFBE169 /* Bridging-Header.h */ = {isa = PBXFileReference; explicitFileType = undefined; fileEncoding = 4; includeInIndex = 0; lastKnownFileType = sourcecode.c.h; name = "Bridging-Header.h"; path = "cordova-plugin-fingerprint-aio/Bridging-Header.h"; sourceTree = "<group>"; };
		0DC19BF37AF34FC1A8E88A9F /* FirebaseCrashlyticsPlugin.m */ = {isa = PBXFileReference; explicitFileType = undefined; fileEncoding = 4; includeInIndex = 0; lastKnownFileType = sourcecode.c.objc; name = FirebaseCrashlyticsPlugin.m; path = "cordova-plugin-firebase-crashlytics/FirebaseCrashlyticsPlugin.m"; sourceTree = "<group>"; };
		0DFA7C80E1FB4D5BB2CBB7E6 /* CDVWKWebViewEngine.m */ = {isa = PBXFileReference; explicitFileType = undefined; fileEncoding = 4; includeInIndex = 0; lastKnownFileType = sourcecode.c.objc; name = CDVWKWebViewEngine.m; path = "cordova-plugin-ionic-webview/CDVWKWebViewEngine.m"; sourceTree = "<group>"; };
		111DE76D2CC54243B713A5EC /* AppDelegate+FirebaseMessagingPlugin.h */ = {isa = PBXFileReference; explicitFileType = undefined; fileEncoding = 4; includeInIndex = 0; lastKnownFileType = sourcecode.c.h; name = "AppDelegate+FirebaseMessagingPlugin.h"; path = "cordova-plugin-firebase-messaging/AppDelegate+FirebaseMessagingPlugin.h"; sourceTree = "<group>"; };
		13A40557BE404D45859831EA /* CDVWKProcessPoolFactory.m */ = {isa = PBXFileReference; explicitFileType = undefined; fileEncoding = 4; includeInIndex = 0; lastKnownFileType = sourcecode.c.objc; name = CDVWKProcessPoolFactory.m; path = "cordova-plugin-ionic-webview/CDVWKProcessPoolFactory.m"; sourceTree = "<group>"; };
		15520EE38F004037B429C0F9 /* SocialSharing.m */ = {isa = PBXFileReference; explicitFileType = undefined; fileEncoding = 4; includeInIndex = 0; lastKnownFileType = sourcecode.c.objc; name = SocialSharing.m; path = "cordova-plugin-x-socialsharing/SocialSharing.m"; sourceTree = "<group>"; };
		1681AFF5F1B84261A624685B /* AppDelegate+threedeetouch.h */ = {isa = PBXFileReference; explicitFileType = undefined; fileEncoding = 4; includeInIndex = 0; lastKnownFileType = sourcecode.c.h; name = "AppDelegate+threedeetouch.h"; path = "cordova-plugin-3dtouch/AppDelegate+threedeetouch.h"; sourceTree = "<group>"; };
		174677BC35BB4A48B88EC44E /* AFHTTPSessionManager.m */ = {isa = PBXFileReference; explicitFileType = undefined; fileEncoding = 4; includeInIndex = 0; lastKnownFileType = sourcecode.c.objc; name = AFHTTPSessionManager.m; path = "cordova-plugin-advanced-http/AFHTTPSessionManager.m"; sourceTree = "<group>"; };
		1789624D1C67491CB112BF01 /* CordovaHttpPlugin.m */ = {isa = PBXFileReference; explicitFileType = undefined; fileEncoding = 4; includeInIndex = 0; lastKnownFileType = sourcecode.c.objc; name = CordovaHttpPlugin.m; path = "cordova-plugin-advanced-http/CordovaHttpPlugin.m"; sourceTree = "<group>"; };
		19ABE27A6CEE4BE5B20AB154 /* FirebaseCrashlyticsPlugin.h */ = {isa = PBXFileReference; explicitFileType = undefined; fileEncoding = 4; includeInIndex = 0; lastKnownFileType = sourcecode.c.h; name = FirebaseCrashlyticsPlugin.h; path = "cordova-plugin-firebase-crashlytics/FirebaseCrashlyticsPlugin.h"; sourceTree = "<group>"; };
		1AA0BFFC7EC24D8F83BFC659 /* TextRequestSerializer.h */ = {isa = PBXFileReference; explicitFileType = undefined; fileEncoding = 4; includeInIndex = 0; lastKnownFileType = sourcecode.c.h; name = TextRequestSerializer.h; path = "cordova-plugin-advanced-http/TextRequestSerializer.h"; sourceTree = "<group>"; };
		1CAA0B6A6343405F800FCBD0 /* AFNetworkReachabilityManager.h */ = {isa = PBXFileReference; explicitFileType = undefined; fileEncoding = 4; includeInIndex = 0; lastKnownFileType = sourcecode.c.h; name = AFNetworkReachabilityManager.h; path = "cordova-plugin-advanced-http/AFNetworkReachabilityManager.h"; sourceTree = "<group>"; };
		1D09DA2C76E148E190E0171A /* NSString+SSURLEncoding.h */ = {isa = PBXFileReference; explicitFileType = undefined; fileEncoding = 4; includeInIndex = 0; lastKnownFileType = sourcecode.c.h; name = "NSString+SSURLEncoding.h"; path = "cordova-plugin-x-socialsharing/NSString+SSURLEncoding.h"; sourceTree = "<group>"; };
		1D3623240D0F684500981E51 /* AppDelegate.h */ = {isa = PBXFileReference; fileEncoding = 4; lastKnownFileType = sourcecode.c.h; path = AppDelegate.h; sourceTree = "<group>"; };
		1D3623250D0F684500981E51 /* AppDelegate.m */ = {isa = PBXFileReference; fileEncoding = 4; lastKnownFileType = sourcecode.c.objc; path = AppDelegate.m; sourceTree = "<group>"; };
		1D6058910D05DD3D006BFB54 /* Agentifai CGD.app */ = {isa = PBXFileReference; explicitFileType = wrapper.application; includeInIndex = 0; path = "Agentifai CGD.app"; sourceTree = BUILT_PRODUCTS_DIR; };
		1E73D18420004F4FB4D80E5F /* AFURLResponseSerialization.h */ = {isa = PBXFileReference; explicitFileType = undefined; fileEncoding = 4; includeInIndex = 0; lastKnownFileType = sourcecode.c.h; name = AFURLResponseSerialization.h; path = "cordova-plugin-advanced-http/AFURLResponseSerialization.h"; sourceTree = "<group>"; };
		274B7F9B5E6B4D1E949ABA46 /* CDVWKInAppBrowserUIDelegate.h */ = {isa = PBXFileReference; explicitFileType = undefined; fileEncoding = 4; includeInIndex = 0; lastKnownFileType = sourcecode.c.h; name = CDVWKInAppBrowserUIDelegate.h; path = "cordova-plugin-inappbrowser/CDVWKInAppBrowserUIDelegate.h"; sourceTree = "<group>"; };
		2915AAA1A8E045FE8DB5C1E2 /* SpeechRecognition.h */ = {isa = PBXFileReference; explicitFileType = undefined; fileEncoding = 4; includeInIndex = 0; lastKnownFileType = sourcecode.c.h; name = SpeechRecognition.h; path = "cordova-plugin-speechrecognition/SpeechRecognition.h"; sourceTree = "<group>"; };
		29B97316FDCFA39411CA2CEA /* main.m */ = {isa = PBXFileReference; fileEncoding = 4; lastKnownFileType = sourcecode.c.objc; path = main.m; sourceTree = "<group>"; };
		2C3C2AC4CDA9428C9E63212E /* CoreTelephony.framework */ = {isa = PBXFileReference; explicitFileType = undefined; fileEncoding = undefined; includeInIndex = 0; lastKnownFileType = wrapper.framework; name = CoreTelephony.framework; path = System/Library/Frameworks/CoreTelephony.framework; sourceTree = SDKROOT; };
		301BF52D109A57CC0062928A /* CordovaLib.xcodeproj */ = {isa = PBXFileReference; lastKnownFileType = "wrapper.pb-project"; name = CordovaLib.xcodeproj; path = CordovaLib/CordovaLib.xcodeproj; sourceTree = "<group>"; };
		301BF56E109A69640062928A /* www */ = {isa = PBXFileReference; lastKnownFileType = folder; path = www; sourceTree = SOURCE_ROOT; };
		302D95EE14D2391D003F00A1 /* MainViewController.h */ = {isa = PBXFileReference; fileEncoding = 4; lastKnownFileType = sourcecode.c.h; path = MainViewController.h; sourceTree = "<group>"; };
		302D95EF14D2391D003F00A1 /* MainViewController.m */ = {isa = PBXFileReference; fileEncoding = 4; lastKnownFileType = sourcecode.c.objc; path = MainViewController.m; sourceTree = "<group>"; };
		302D95F014D2391D003F00A1 /* MainViewController.xib */ = {isa = PBXFileReference; fileEncoding = 4; lastKnownFileType = file.xib; path = MainViewController.xib; sourceTree = "<group>"; };
		3047A50F1AB8059700498E2A /* build-debug.xcconfig */ = {isa = PBXFileReference; fileEncoding = 4; lastKnownFileType = text.xcconfig; name = "build-debug.xcconfig"; path = "cordova/build-debug.xcconfig"; sourceTree = SOURCE_ROOT; };
		3047A5101AB8059700498E2A /* build-release.xcconfig */ = {isa = PBXFileReference; fileEncoding = 4; lastKnownFileType = text.xcconfig; name = "build-release.xcconfig"; path = "cordova/build-release.xcconfig"; sourceTree = SOURCE_ROOT; };
		3047A5111AB8059700498E2A /* build.xcconfig */ = {isa = PBXFileReference; fileEncoding = 4; lastKnownFileType = text.xcconfig; name = build.xcconfig; path = cordova/build.xcconfig; sourceTree = SOURCE_ROOT; };
		32CA4F630368D1EE00C91783 /* Agentifai CGD-Prefix.pch */ = {isa = PBXFileReference; fileEncoding = 4; lastKnownFileType = sourcecode.c.h; path = "Agentifai CGD-Prefix.pch"; sourceTree = "<group>"; };
		3318DC981BC745F9BB4459CB /* AFSecurityPolicy.h */ = {isa = PBXFileReference; explicitFileType = undefined; fileEncoding = 4; includeInIndex = 0; lastKnownFileType = sourcecode.c.h; name = AFSecurityPolicy.h; path = "cordova-plugin-advanced-http/AFSecurityPolicy.h"; sourceTree = "<group>"; };
		341EE6699B9E4D38A1CAC100 /* CDVDevice.h */ = {isa = PBXFileReference; explicitFileType = undefined; fileEncoding = 4; includeInIndex = 0; lastKnownFileType = sourcecode.c.h; name = CDVDevice.h; path = "cordova-plugin-device/CDVDevice.h"; sourceTree = "<group>"; };
		36479DE4D7994A4FBC7E9F40 /* SDNetworkActivityIndicator.m */ = {isa = PBXFileReference; explicitFileType = undefined; fileEncoding = 4; includeInIndex = 0; lastKnownFileType = sourcecode.c.objc; name = SDNetworkActivityIndicator.m; path = "cordova-plugin-advanced-http/SDNetworkActivityIndicator.m"; sourceTree = "<group>"; };
		386DCABB9ABA46FEA98D6686 /* SocialSharing.h */ = {isa = PBXFileReference; explicitFileType = undefined; fileEncoding = 4; includeInIndex = 0; lastKnownFileType = sourcecode.c.h; name = SocialSharing.h; path = "cordova-plugin-x-socialsharing/SocialSharing.h"; sourceTree = "<group>"; };
		387CC02017D5411D8CA58C14 /* AppDelegate+threedeetouch.m */ = {isa = PBXFileReference; explicitFileType = undefined; fileEncoding = 4; includeInIndex = 0; lastKnownFileType = sourcecode.c.objc; name = "AppDelegate+threedeetouch.m"; path = "cordova-plugin-3dtouch/AppDelegate+threedeetouch.m"; sourceTree = "<group>"; };
		394610478CC84C74B8303E37 /* IONAssetHandler.h */ = {isa = PBXFileReference; explicitFileType = undefined; fileEncoding = 4; includeInIndex = 0; lastKnownFileType = sourcecode.c.h; name = IONAssetHandler.h; path = "cordova-plugin-ionic-webview/IONAssetHandler.h"; sourceTree = "<group>"; };
		3E3F463225034B7A85694216 /* CDVWKInAppBrowser.h */ = {isa = PBXFileReference; explicitFileType = undefined; fileEncoding = 4; includeInIndex = 0; lastKnownFileType = sourcecode.c.h; name = CDVWKInAppBrowser.h; path = "cordova-plugin-inappbrowser/CDVWKInAppBrowser.h"; sourceTree = "<group>"; };
		47D5BB23B56E4556BA319EF8 /* CDVAssetLibraryFilesystem.m */ = {isa = PBXFileReference; explicitFileType = undefined; fileEncoding = 4; includeInIndex = 0; lastKnownFileType = sourcecode.c.objc; name = CDVAssetLibraryFilesystem.m; path = "cordova-plugin-file/CDVAssetLibraryFilesystem.m"; sourceTree = "<group>"; };
		4BCF0A75833044BFB587A1C6 /* GoogleService-Info.plist */ = {isa = PBXFileReference; explicitFileType = undefined; fileEncoding = 4; includeInIndex = 0; lastKnownFileType = text.plist.xml; name = "GoogleService-Info.plist"; path = "GoogleService-Info.plist"; sourceTree = "<group>"; };
		57C8B9A2198444BFA866FF1C /* SecureKeyStore.m */ = {isa = PBXFileReference; explicitFileType = undefined; fileEncoding = 4; includeInIndex = 0; lastKnownFileType = sourcecode.c.objc; name = SecureKeyStore.m; path = "cordova-plugin-secure-key-store/SecureKeyStore.m"; sourceTree = "<group>"; };
		5E44800E50DC48738C591609 /* FirebaseAnalyticsPlugin.h */ = {isa = PBXFileReference; explicitFileType = undefined; fileEncoding = 4; includeInIndex = 0; lastKnownFileType = sourcecode.c.h; name = FirebaseAnalyticsPlugin.h; path = "cordova-plugin-firebase-analytics/FirebaseAnalyticsPlugin.h"; sourceTree = "<group>"; };
		634C0D4A88B04816A018EF42 /* Speech.framework */ = {isa = PBXFileReference; explicitFileType = undefined; fileEncoding = undefined; includeInIndex = 0; lastKnownFileType = wrapper.framework; name = Speech.framework; path = System/Library/Frameworks/Speech.framework; sourceTree = SDKROOT; };
		684BE576B4224BE98409DD6B /* AFNetworking.h */ = {isa = PBXFileReference; explicitFileType = undefined; fileEncoding = 4; includeInIndex = 0; lastKnownFileType = sourcecode.c.h; name = AFNetworking.h; path = "cordova-plugin-advanced-http/AFNetworking.h"; sourceTree = "<group>"; };
		6AFF5BF81D6E424B00AB3073 /* CDVLaunchScreen.storyboard */ = {isa = PBXFileReference; fileEncoding = 4; lastKnownFileType = file.storyboard; name = CDVLaunchScreen.storyboard; path = "Agentifai CGD/CDVLaunchScreen.storyboard"; sourceTree = SOURCE_ROOT; };
		6D1F56D99F1249D0914DDAE4 /* Security.framework */ = {isa = PBXFileReference; explicitFileType = undefined; fileEncoding = undefined; includeInIndex = 0; lastKnownFileType = wrapper.framework; name = Security.framework; path = System/Library/Frameworks/Security.framework; sourceTree = SDKROOT; };
		6D42D19662D949A688FB06C1 /* FileOpener2.h */ = {isa = PBXFileReference; explicitFileType = undefined; fileEncoding = 4; includeInIndex = 0; lastKnownFileType = sourcecode.c.h; name = FileOpener2.h; path = "cordova-plugin-file-opener2/FileOpener2.h"; sourceTree = "<group>"; };
		6D4908A8309E43B1A74268E8 /* AgentifaiPluginError.swift */ = {isa = PBXFileReference; explicitFileType = undefined; fileEncoding = 4; includeInIndex = 0; lastKnownFileType = sourcecode.swift; name = AgentifaiPluginError.swift; path = "cordova-plugin-agentifai-assistant/AgentifaiPluginError.swift"; sourceTree = "<group>"; };
		6E2F782E4880CAFA7192F19F /* Pods-Agentifai CGD.debug.xcconfig */ = {isa = PBXFileReference; includeInIndex = 1; lastKnownFileType = text.xcconfig; name = "Pods-Agentifai CGD.debug.xcconfig"; path = "Target Support Files/Pods-Agentifai CGD/Pods-Agentifai CGD.debug.xcconfig"; sourceTree = "<group>"; };
		73482ADEE2744F2C83712980 /* CDVStatusBar.m */ = {isa = PBXFileReference; explicitFileType = undefined; fileEncoding = 4; includeInIndex = 0; lastKnownFileType = sourcecode.c.objc; name = CDVStatusBar.m; path = "cordova-plugin-statusbar/CDVStatusBar.m"; sourceTree = "<group>"; };
		7BA68E7EB6194FB9B55A9070 /* SDNetworkActivityIndicator.h */ = {isa = PBXFileReference; explicitFileType = undefined; fileEncoding = 4; includeInIndex = 0; lastKnownFileType = sourcecode.c.h; name = SDNetworkActivityIndicator.h; path = "cordova-plugin-advanced-http/SDNetworkActivityIndicator.h"; sourceTree = "<group>"; };
		7CBFE97E2F23423186135A12 /* Sim.m */ = {isa = PBXFileReference; explicitFileType = undefined; fileEncoding = 4; includeInIndex = 0; lastKnownFileType = sourcecode.c.objc; name = Sim.m; path = "cordova-plugin-sim/Sim.m"; sourceTree = "<group>"; };
		7CED978623134ADCBDB719F2 /* CDVAssetLibraryFilesystem.h */ = {isa = PBXFileReference; explicitFileType = undefined; fileEncoding = 4; includeInIndex = 0; lastKnownFileType = sourcecode.c.h; name = CDVAssetLibraryFilesystem.h; path = "cordova-plugin-file/CDVAssetLibraryFilesystem.h"; sourceTree = "<group>"; };
		7E143408620042DEBF72E25F /* FirebaseMessagingPlugin.h */ = {isa = PBXFileReference; explicitFileType = undefined; fileEncoding = 4; includeInIndex = 0; lastKnownFileType = sourcecode.c.h; name = FirebaseMessagingPlugin.h; path = "cordova-plugin-firebase-messaging/FirebaseMessagingPlugin.h"; sourceTree = "<group>"; };
		7F18D574DE7C4E859DBF9FED /* CDVWKWebViewEngine.h */ = {isa = PBXFileReference; explicitFileType = undefined; fileEncoding = 4; includeInIndex = 0; lastKnownFileType = sourcecode.c.h; name = CDVWKWebViewEngine.h; path = "cordova-plugin-ionic-webview/CDVWKWebViewEngine.h"; sourceTree = "<group>"; };
		7F264158B18043DE9BA5B36F /* KeychainItemWrapper.h */ = {isa = PBXFileReference; explicitFileType = undefined; fileEncoding = 4; includeInIndex = 0; lastKnownFileType = sourcecode.c.h; name = KeychainItemWrapper.h; path = "cordova-plugin-secure-key-store/KeychainItemWrapper.h"; sourceTree = "<group>"; };
		81B3229F9C5249B1A1B97DBD /* CDVIonicKeyboard.m */ = {isa = PBXFileReference; explicitFileType = undefined; fileEncoding = 4; includeInIndex = 0; lastKnownFileType = sourcecode.c.objc; name = CDVIonicKeyboard.m; path = "cordova-plugin-ionic-keyboard/CDVIonicKeyboard.m"; sourceTree = "<group>"; };
		81D3BC8D9A054A4FB541A68F /* NSString+SSURLEncoding.m */ = {isa = PBXFileReference; explicitFileType = undefined; fileEncoding = 4; includeInIndex = 0; lastKnownFileType = sourcecode.c.objc; name = "NSString+SSURLEncoding.m"; path = "cordova-plugin-x-socialsharing/NSString+SSURLEncoding.m"; sourceTree = "<group>"; };
		8919B359F8AE47FE90E40DB4 /* BinaryResponseSerializer.m */ = {isa = PBXFileReference; explicitFileType = undefined; fileEncoding = 4; includeInIndex = 0; lastKnownFileType = sourcecode.c.objc; name = BinaryResponseSerializer.m; path = "cordova-plugin-advanced-http/BinaryResponseSerializer.m"; sourceTree = "<group>"; };
		891E974D9CCB4DB8B9B9BDBC /* CDVWKWebViewUIDelegate.m */ = {isa = PBXFileReference; explicitFileType = undefined; fileEncoding = 4; includeInIndex = 0; lastKnownFileType = sourcecode.c.objc; name = CDVWKWebViewUIDelegate.m; path = "cordova-plugin-ionic-webview/CDVWKWebViewUIDelegate.m"; sourceTree = "<group>"; };
		8A3D0D9EF27942E4AE2D5891 /* AFNetworkReachabilityManager.m */ = {isa = PBXFileReference; explicitFileType = undefined; fileEncoding = 4; includeInIndex = 0; lastKnownFileType = sourcecode.c.objc; name = AFNetworkReachabilityManager.m; path = "cordova-plugin-advanced-http/AFNetworkReachabilityManager.m"; sourceTree = "<group>"; };
		8AFAD5B1300B4E098FF9D9B3 /* WebKit.framework */ = {isa = PBXFileReference; explicitFileType = undefined; fileEncoding = undefined; includeInIndex = 0; lastKnownFileType = wrapper.framework; name = WebKit.framework; path = System/Library/Frameworks/WebKit.framework; sourceTree = SDKROOT; };
		8D1107310486CEB800E47090 /* Agentifai CGD-Info.plist */ = {isa = PBXFileReference; fileEncoding = 4; lastKnownFileType = text.plist.xml; name = "Agentifai CGD-Info.plist"; path = "Agentifai CGD/Agentifai CGD-Info.plist"; plistStructureDefinitionIdentifier = "com.apple.xcode.plist.structure-definition.iphone.info-plist"; sourceTree = SOURCE_ROOT; };
		914DB28FD67B4883A29AE502 /* CDVInAppBrowserNavigationController.h */ = {isa = PBXFileReference; explicitFileType = undefined; fileEncoding = 4; includeInIndex = 0; lastKnownFileType = sourcecode.c.h; name = CDVInAppBrowserNavigationController.h; path = "cordova-plugin-inappbrowser/CDVInAppBrowserNavigationController.h"; sourceTree = "<group>"; };
		92A88DE5656F49999081C8E5 /* AFSecurityPolicy.m */ = {isa = PBXFileReference; explicitFileType = undefined; fileEncoding = 4; includeInIndex = 0; lastKnownFileType = sourcecode.c.objc; name = AFSecurityPolicy.m; path = "cordova-plugin-advanced-http/AFSecurityPolicy.m"; sourceTree = "<group>"; };
		93760AB14814497DB640DDC0 /* Sim.h */ = {isa = PBXFileReference; explicitFileType = undefined; fileEncoding = 4; includeInIndex = 0; lastKnownFileType = sourcecode.c.h; name = Sim.h; path = "cordova-plugin-sim/Sim.h"; sourceTree = "<group>"; };
		9BE7003F414D4EE8AE96B6E3 /* BinaryRequestSerializer.m */ = {isa = PBXFileReference; explicitFileType = undefined; fileEncoding = 4; includeInIndex = 0; lastKnownFileType = sourcecode.c.objc; name = BinaryRequestSerializer.m; path = "cordova-plugin-advanced-http/BinaryRequestSerializer.m"; sourceTree = "<group>"; };
		9ED0B4F1275E44CCBFF84BDA /* AppDelegate+FirebaseMessagingPlugin.m */ = {isa = PBXFileReference; explicitFileType = undefined; fileEncoding = 4; includeInIndex = 0; lastKnownFileType = sourcecode.c.objc; name = "AppDelegate+FirebaseMessagingPlugin.m"; path = "cordova-plugin-firebase-messaging/AppDelegate+FirebaseMessagingPlugin.m"; sourceTree = "<group>"; };
		9ED399936CD74912ADAD35A5 /* CDVWKProcessPoolFactory.h */ = {isa = PBXFileReference; explicitFileType = undefined; fileEncoding = 4; includeInIndex = 0; lastKnownFileType = sourcecode.c.h; name = CDVWKProcessPoolFactory.h; path = "cordova-plugin-ionic-webview/CDVWKProcessPoolFactory.h"; sourceTree = "<group>"; };
		9EF8BBAF0645497DA639E925 /* CDVWKInAppBrowserUIDelegate.m */ = {isa = PBXFileReference; explicitFileType = undefined; fileEncoding = 4; includeInIndex = 0; lastKnownFileType = sourcecode.c.objc; name = CDVWKInAppBrowserUIDelegate.m; path = "cordova-plugin-inappbrowser/CDVWKInAppBrowserUIDelegate.m"; sourceTree = "<group>"; };
		9F0A73A28BE8414AA157AD87 /* SpeechRecognition.m */ = {isa = PBXFileReference; explicitFileType = undefined; fileEncoding = 4; includeInIndex = 0; lastKnownFileType = sourcecode.c.objc; name = SpeechRecognition.m; path = "cordova-plugin-speechrecognition/SpeechRecognition.m"; sourceTree = "<group>"; };
		A98279E95AFC46F89C51C9DF /* AFHTTPSessionManager.h */ = {isa = PBXFileReference; explicitFileType = undefined; fileEncoding = 4; includeInIndex = 0; lastKnownFileType = sourcecode.c.h; name = AFHTTPSessionManager.h; path = "cordova-plugin-advanced-http/AFHTTPSessionManager.h"; sourceTree = "<group>"; };
		AAEABD126E5D4579B6A7C262 /* NativeStorage.h */ = {isa = PBXFileReference; explicitFileType = undefined; fileEncoding = 4; includeInIndex = 0; lastKnownFileType = sourcecode.c.h; name = NativeStorage.h; path = "cordova-plugin-nativestorage/NativeStorage.h"; sourceTree = "<group>"; };
		AB1544A0654E449EB6D42728 /* BinaryResponseSerializer.h */ = {isa = PBXFileReference; explicitFileType = undefined; fileEncoding = 4; includeInIndex = 0; lastKnownFileType = sourcecode.c.h; name = BinaryResponseSerializer.h; path = "cordova-plugin-advanced-http/BinaryResponseSerializer.h"; sourceTree = "<group>"; };
		AB5FAE58BA50488B96599C94 /* CDVFile.m */ = {isa = PBXFileReference; explicitFileType = undefined; fileEncoding = 4; includeInIndex = 0; lastKnownFileType = sourcecode.c.objc; name = CDVFile.m; path = "cordova-plugin-file/CDVFile.m"; sourceTree = "<group>"; };
		ABAF20C5DF8B45B59953B5EB /* FirebaseMessagingPlugin.m */ = {isa = PBXFileReference; explicitFileType = undefined; fileEncoding = 4; includeInIndex = 0; lastKnownFileType = sourcecode.c.objc; name = FirebaseMessagingPlugin.m; path = "cordova-plugin-firebase-messaging/FirebaseMessagingPlugin.m"; sourceTree = "<group>"; };
		AE62A418604A486D8B6080BE /* CDVLocalFilesystem.m */ = {isa = PBXFileReference; explicitFileType = undefined; fileEncoding = 4; includeInIndex = 0; lastKnownFileType = sourcecode.c.objc; name = CDVLocalFilesystem.m; path = "cordova-plugin-file/CDVLocalFilesystem.m"; sourceTree = "<group>"; };
		AF6EF25742AEE7823FEB6CF2 /* Pods_Agentifai_CGD.framework */ = {isa = PBXFileReference; explicitFileType = wrapper.framework; includeInIndex = 0; path = Pods_Agentifai_CGD.framework; sourceTree = BUILT_PRODUCTS_DIR; };
		AF70C22E7B59430BA4AE295E /* FileOpener2.m */ = {isa = PBXFileReference; explicitFileType = undefined; fileEncoding = 4; includeInIndex = 0; lastKnownFileType = sourcecode.c.objc; name = FileOpener2.m; path = "cordova-plugin-file-opener2/FileOpener2.m"; sourceTree = "<group>"; };
		B1BB1496F1A94012925E19B1 /* CDVInAppBrowserOptions.m */ = {isa = PBXFileReference; explicitFileType = undefined; fileEncoding = 4; includeInIndex = 0; lastKnownFileType = sourcecode.c.objc; name = CDVInAppBrowserOptions.m; path = "cordova-plugin-inappbrowser/CDVInAppBrowserOptions.m"; sourceTree = "<group>"; };
		B2434CD1A11E43449FE926A7 /* AFURLSessionManager.h */ = {isa = PBXFileReference; explicitFileType = undefined; fileEncoding = 4; includeInIndex = 0; lastKnownFileType = sourcecode.c.h; name = AFURLSessionManager.h; path = "cordova-plugin-advanced-http/AFURLSessionManager.h"; sourceTree = "<group>"; };
		B285CF8CB2744D03B41790A2 /* Fingerprint.swift */ = {isa = PBXFileReference; explicitFileType = undefined; fileEncoding = 4; includeInIndex = 0; lastKnownFileType = sourcecode.swift; name = Fingerprint.swift; path = "cordova-plugin-fingerprint-aio/Fingerprint.swift"; sourceTree = "<group>"; };
		B58500BC0CB64E1FB5D29F85 /* CDVDevice.m */ = {isa = PBXFileReference; explicitFileType = undefined; fileEncoding = 4; includeInIndex = 0; lastKnownFileType = sourcecode.c.objc; name = CDVDevice.m; path = "cordova-plugin-device/CDVDevice.m"; sourceTree = "<group>"; };
		B6603EB0B85742A9A830243E /* ThreeDeeTouch.m */ = {isa = PBXFileReference; explicitFileType = undefined; fileEncoding = 4; includeInIndex = 0; lastKnownFileType = sourcecode.c.objc; name = ThreeDeeTouch.m; path = "cordova-plugin-3dtouch/ThreeDeeTouch.m"; sourceTree = "<group>"; };
		B8B419AEE60A4EDFB3592570 /* AFURLSessionManager.m */ = {isa = PBXFileReference; explicitFileType = undefined; fileEncoding = 4; includeInIndex = 0; lastKnownFileType = sourcecode.c.objc; name = AFURLSessionManager.m; path = "cordova-plugin-advanced-http/AFURLSessionManager.m"; sourceTree = "<group>"; };
		BB1A2E0AC7E847618DEF278E /* IRoot.h */ = {isa = PBXFileReference; explicitFileType = undefined; fileEncoding = 4; includeInIndex = 0; lastKnownFileType = sourcecode.c.h; name = IRoot.h; path = "cordova-plugin-iroot/IRoot.h"; sourceTree = "<group>"; };
		BBF48622DD0B699F0B23DEE0 /* Pods-Agentifai CGD.release.xcconfig */ = {isa = PBXFileReference; includeInIndex = 1; lastKnownFileType = text.xcconfig; name = "Pods-Agentifai CGD.release.xcconfig"; path = "Target Support Files/Pods-Agentifai CGD/Pods-Agentifai CGD.release.xcconfig"; sourceTree = "<group>"; };
		BCA2ACD8CB8249F8B9364262 /* AgentifaiHelper.swift */ = {isa = PBXFileReference; explicitFileType = undefined; fileEncoding = 4; includeInIndex = 0; lastKnownFileType = sourcecode.swift; name = AgentifaiHelper.swift; path = "cordova-plugin-agentifai-assistant/AgentifaiHelper.swift"; sourceTree = "<group>"; };
		BF587B5108F549B9947B66B8 /* CDVLocalFilesystem.h */ = {isa = PBXFileReference; explicitFileType = undefined; fileEncoding = 4; includeInIndex = 0; lastKnownFileType = sourcecode.c.h; name = CDVLocalFilesystem.h; path = "cordova-plugin-file/CDVLocalFilesystem.h"; sourceTree = "<group>"; };
		C0D03299CCC94AE5869D2FA8 /* AgentifaiBridge.swift */ = {isa = PBXFileReference; explicitFileType = undefined; fileEncoding = 4; includeInIndex = 0; lastKnownFileType = sourcecode.swift; name = AgentifaiBridge.swift; path = "cordova-plugin-agentifai-assistant/AgentifaiBridge.swift"; sourceTree = "<group>"; };
		C3261449D5964D71ABF632AD /* AFURLRequestSerialization.m */ = {isa = PBXFileReference; explicitFileType = undefined; fileEncoding = 4; includeInIndex = 0; lastKnownFileType = sourcecode.c.objc; name = AFURLRequestSerialization.m; path = "cordova-plugin-advanced-http/AFURLRequestSerialization.m"; sourceTree = "<group>"; };
		C5141F9F5D804FFF892FD8C6 /* AFURLRequestSerialization.h */ = {isa = PBXFileReference; explicitFileType = undefined; fileEncoding = 4; includeInIndex = 0; lastKnownFileType = sourcecode.c.h; name = AFURLRequestSerialization.h; path = "cordova-plugin-advanced-http/AFURLRequestSerialization.h"; sourceTree = "<group>"; };
		C5644BA67FDE4CACAB3B89FF /* IRoot.m */ = {isa = PBXFileReference; explicitFileType = undefined; fileEncoding = 4; includeInIndex = 0; lastKnownFileType = sourcecode.c.objc; name = IRoot.m; path = "cordova-plugin-iroot/IRoot.m"; sourceTree = "<group>"; };
		CB60AA0F82614123A67BAEA5 /* ThreeDeeTouch.h */ = {isa = PBXFileReference; explicitFileType = undefined; fileEncoding = 4; includeInIndex = 0; lastKnownFileType = sourcecode.c.h; name = ThreeDeeTouch.h; path = "cordova-plugin-3dtouch/ThreeDeeTouch.h"; sourceTree = "<group>"; };
		CCA3056E638B4D88AB5F8A5F /* CDVIonicKeyboard.h */ = {isa = PBXFileReference; explicitFileType = undefined; fileEncoding = 4; includeInIndex = 0; lastKnownFileType = sourcecode.c.h; name = CDVIonicKeyboard.h; path = "cordova-plugin-ionic-keyboard/CDVIonicKeyboard.h"; sourceTree = "<group>"; };
		CFDE886D9D9B4F4A98062B2C /* CDVStatusBar.h */ = {isa = PBXFileReference; explicitFileType = undefined; fileEncoding = 4; includeInIndex = 0; lastKnownFileType = sourcecode.c.h; name = CDVStatusBar.h; path = "cordova-plugin-statusbar/CDVStatusBar.h"; sourceTree = "<group>"; };
		D121075F82A54301B688C31D /* MessageUI.framework */ = {isa = PBXFileReference; explicitFileType = undefined; fileEncoding = undefined; includeInIndex = 0; lastKnownFileType = wrapper.framework; name = MessageUI.framework; path = System/Library/Frameworks/MessageUI.framework; sourceTree = SDKROOT; };
		D696CFC5BA33451B916517D7 /* TextRequestSerializer.m */ = {isa = PBXFileReference; explicitFileType = undefined; fileEncoding = 4; includeInIndex = 0; lastKnownFileType = sourcecode.c.objc; name = TextRequestSerializer.m; path = "cordova-plugin-advanced-http/TextRequestSerializer.m"; sourceTree = "<group>"; };
		D7D07C05E84C4861818C1657 /* AppAvailability.m */ = {isa = PBXFileReference; explicitFileType = undefined; fileEncoding = 4; includeInIndex = 0; lastKnownFileType = sourcecode.c.objc; name = AppAvailability.m; path = "cordova-plugin-appavailability/AppAvailability.m"; sourceTree = "<group>"; };
		DE70FA6E5C4244B19BCB7A3F /* CDVFile.h */ = {isa = PBXFileReference; explicitFileType = undefined; fileEncoding = 4; includeInIndex = 0; lastKnownFileType = sourcecode.c.h; name = CDVFile.h; path = "cordova-plugin-file/CDVFile.h"; sourceTree = "<group>"; };
		DEF8E79048F0456190AB5B15 /* CDVWKInAppBrowser.m */ = {isa = PBXFileReference; explicitFileType = undefined; fileEncoding = 4; includeInIndex = 0; lastKnownFileType = sourcecode.c.objc; name = CDVWKInAppBrowser.m; path = "cordova-plugin-inappbrowser/CDVWKInAppBrowser.m"; sourceTree = "<group>"; };
		E10735A6707E425384E911C8 /* AFURLResponseSerialization.m */ = {isa = PBXFileReference; explicitFileType = undefined; fileEncoding = 4; includeInIndex = 0; lastKnownFileType = sourcecode.c.objc; name = AFURLResponseSerialization.m; path = "cordova-plugin-advanced-http/AFURLResponseSerialization.m"; sourceTree = "<group>"; };
		E29C4DB604BD4E328D761BB3 /* CDVWKWebViewUIDelegate.h */ = {isa = PBXFileReference; explicitFileType = undefined; fileEncoding = 4; includeInIndex = 0; lastKnownFileType = sourcecode.c.h; name = CDVWKWebViewUIDelegate.h; path = "cordova-plugin-ionic-webview/CDVWKWebViewUIDelegate.h"; sourceTree = "<group>"; };
		E3919C476A34443A9804FB48 /* AppAvailability.h */ = {isa = PBXFileReference; explicitFileType = undefined; fileEncoding = 4; includeInIndex = 0; lastKnownFileType = sourcecode.c.h; name = AppAvailability.h; path = "cordova-plugin-appavailability/AppAvailability.h"; sourceTree = "<group>"; };
		E70696E305A541368B204435 /* TextResponseSerializer.m */ = {isa = PBXFileReference; explicitFileType = undefined; fileEncoding = 4; includeInIndex = 0; lastKnownFileType = sourcecode.c.objc; name = TextResponseSerializer.m; path = "cordova-plugin-advanced-http/TextResponseSerializer.m"; sourceTree = "<group>"; };
		EA155D320D224DB8B4C58237 /* SecureKeyStore.h */ = {isa = PBXFileReference; explicitFileType = undefined; fileEncoding = 4; includeInIndex = 0; lastKnownFileType = sourcecode.c.h; name = SecureKeyStore.h; path = "cordova-plugin-secure-key-store/SecureKeyStore.h"; sourceTree = "<group>"; };
		EB87FDF31871DA8E0020F90C /* www */ = {isa = PBXFileReference; lastKnownFileType = folder; name = www; path = ../../www; sourceTree = "<group>"; };
		EB87FDF41871DAF40020F90C /* config.xml */ = {isa = PBXFileReference; lastKnownFileType = text.xml; name = config.xml; path = ../../config.xml; sourceTree = "<group>"; };
		ED33DF2A687741AEAF9F8254 /* Bridging-Header.h */ = {isa = PBXFileReference; fileEncoding = 4; lastKnownFileType = sourcecode.c.h; path = "Bridging-Header.h"; sourceTree = "<group>"; };
		EF7B071EC7204481BA011C46 /* CDVOrientation.m */ = {isa = PBXFileReference; explicitFileType = undefined; fileEncoding = 4; includeInIndex = 0; lastKnownFileType = sourcecode.c.objc; name = CDVOrientation.m; path = "cordova-plugin-screen-orientation/CDVOrientation.m"; sourceTree = "<group>"; };
		EFBC01721F94432EAD78E9EC /* CDVInAppBrowserNavigationController.m */ = {isa = PBXFileReference; explicitFileType = undefined; fileEncoding = 4; includeInIndex = 0; lastKnownFileType = sourcecode.c.objc; name = CDVInAppBrowserNavigationController.m; path = "cordova-plugin-inappbrowser/CDVInAppBrowserNavigationController.m"; sourceTree = "<group>"; };
		F3B9A9732AB54C49B1E9BE6F /* Social.framework */ = {isa = PBXFileReference; explicitFileType = undefined; fileEncoding = undefined; includeInIndex = 0; lastKnownFileType = wrapper.framework; name = Social.framework; path = System/Library/Frameworks/Social.framework; sourceTree = SDKROOT; };
		F52B3CE0666048298E926C7C /* CDVInAppBrowserOptions.h */ = {isa = PBXFileReference; explicitFileType = undefined; fileEncoding = 4; includeInIndex = 0; lastKnownFileType = sourcecode.c.h; name = CDVInAppBrowserOptions.h; path = "cordova-plugin-inappbrowser/CDVInAppBrowserOptions.h"; sourceTree = "<group>"; };
		F6C30FEAA32242CBBAC80A26 /* CordovaHttpPlugin.h */ = {isa = PBXFileReference; explicitFileType = undefined; fileEncoding = 4; includeInIndex = 0; lastKnownFileType = sourcecode.c.h; name = CordovaHttpPlugin.h; path = "cordova-plugin-advanced-http/CordovaHttpPlugin.h"; sourceTree = "<group>"; };
		F7B20274FFEC49819AC64EAE /* AppVersion.h */ = {isa = PBXFileReference; explicitFileType = undefined; fileEncoding = 4; includeInIndex = 0; lastKnownFileType = sourcecode.c.h; name = AppVersion.h; path = "cordova-plugin-app-version/AppVersion.h"; sourceTree = "<group>"; };
		F840E1F0165FE0F500CFE078 /* config.xml */ = {isa = PBXFileReference; lastKnownFileType = text.xml; name = config.xml; path = "Agentifai CGD/config.xml"; sourceTree = "<group>"; };
		FC9918DF633A427C926A00BD /* TextResponseSerializer.h */ = {isa = PBXFileReference; explicitFileType = undefined; fileEncoding = 4; includeInIndex = 0; lastKnownFileType = sourcecode.c.h; name = TextResponseSerializer.h; path = "cordova-plugin-advanced-http/TextResponseSerializer.h"; sourceTree = "<group>"; };
		FCB6079421BB4FBEB8F2452D /* IONAssetHandler.m */ = {isa = PBXFileReference; explicitFileType = undefined; fileEncoding = 4; includeInIndex = 0; lastKnownFileType = sourcecode.c.objc; name = IONAssetHandler.m; path = "cordova-plugin-ionic-webview/IONAssetHandler.m"; sourceTree = "<group>"; };
		FF1F94417AD044E1A415D85D /* BinaryRequestSerializer.h */ = {isa = PBXFileReference; explicitFileType = undefined; fileEncoding = 4; includeInIndex = 0; lastKnownFileType = sourcecode.c.h; name = BinaryRequestSerializer.h; path = "cordova-plugin-advanced-http/BinaryRequestSerializer.h"; sourceTree = "<group>"; };
		FC52DF74EACE4B90A953814B /* AssistantConfiguration.json */ = {isa = PBXFileReference; name = "AssistantConfiguration.json"; path = "/Users/filipepereira/Agentifai/projects/mobile/ionic/client-assistant-integration-app/projects/cgd/platforms/ios/Agentifai CGD/Resources/Agentifai/AssistantConfiguration.json"; sourceTree = "<group>"; fileEncoding = undefined; lastKnownFileType = unknown; explicitFileType = undefined; includeInIndex = 0; };
		BABD5BAC725F4F32A94A0B40 /* AssistantConfigurationDark.json */ = {isa = PBXFileReference; name = "AssistantConfigurationDark.json"; path = "/Users/filipepereira/Agentifai/projects/mobile/ionic/client-assistant-integration-app/projects/cgd/platforms/ios/Agentifai CGD/Resources/Agentifai/AssistantConfigurationDark.json"; sourceTree = "<group>"; fileEncoding = undefined; lastKnownFileType = unknown; explicitFileType = undefined; includeInIndex = 0; };
		12DE5F9B55CC4C97A6081157 /* close.json */ = {isa = PBXFileReference; name = "close.json"; path = "/Users/filipepereira/Agentifai/projects/mobile/ionic/client-assistant-integration-app/projects/cgd/platforms/ios/Agentifai CGD/Resources/Agentifai/resources/close.json"; sourceTree = "<group>"; fileEncoding = undefined; lastKnownFileType = unknown; explicitFileType = undefined; includeInIndex = 0; };
		3986C1A9393D4756B02D6C73 /* info.json */ = {isa = PBXFileReference; name = "info.json"; path = "/Users/filipepereira/Agentifai/projects/mobile/ionic/client-assistant-integration-app/projects/cgd/platforms/ios/Agentifai CGD/Resources/Agentifai/resources/info.json"; sourceTree = "<group>"; fileEncoding = undefined; lastKnownFileType = unknown; explicitFileType = undefined; includeInIndex = 0; };
		C5EC7CFAD4A7419B821752B9 /* info_close.json */ = {isa = PBXFileReference; name = "info_close.json"; path = "/Users/filipepereira/Agentifai/projects/mobile/ionic/client-assistant-integration-app/projects/cgd/platforms/ios/Agentifai CGD/Resources/Agentifai/resources/info_close.json"; sourceTree = "<group>"; fileEncoding = undefined; lastKnownFileType = unknown; explicitFileType = undefined; includeInIndex = 0; };
		84B0ECCF1119453AA825BB70 /* info_open.json */ = {isa = PBXFileReference; name = "info_open.json"; path = "/Users/filipepereira/Agentifai/projects/mobile/ionic/client-assistant-integration-app/projects/cgd/platforms/ios/Agentifai CGD/Resources/Agentifai/resources/info_open.json"; sourceTree = "<group>"; fileEncoding = undefined; lastKnownFileType = unknown; explicitFileType = undefined; includeInIndex = 0; };
		3E0F97830AFF4B00896EDFBD /* loading.json */ = {isa = PBXFileReference; name = "loading.json"; path = "/Users/filipepereira/Agentifai/projects/mobile/ionic/client-assistant-integration-app/projects/cgd/platforms/ios/Agentifai CGD/Resources/Agentifai/resources/loading.json"; sourceTree = "<group>"; fileEncoding = undefined; lastKnownFileType = unknown; explicitFileType = undefined; includeInIndex = 0; };
		F257D596D7C94034ACBD6C04 /* open.json */ = {isa = PBXFileReference; name = "open.json"; path = "/Users/filipepereira/Agentifai/projects/mobile/ionic/client-assistant-integration-app/projects/cgd/platforms/ios/Agentifai CGD/Resources/Agentifai/resources/open.json"; sourceTree = "<group>"; fileEncoding = undefined; lastKnownFileType = unknown; explicitFileType = undefined; includeInIndex = 0; };
		E22978E1B24A4F9DB1E7D4E9 /* standby.json */ = {isa = PBXFileReference; name = "standby.json"; path = "/Users/filipepereira/Agentifai/projects/mobile/ionic/client-assistant-integration-app/projects/cgd/platforms/ios/Agentifai CGD/Resources/Agentifai/resources/standby.json"; sourceTree = "<group>"; fileEncoding = undefined; lastKnownFileType = unknown; explicitFileType = undefined; includeInIndex = 0; };
		80155B77B6DE419FB07BBAF5 /* talking.json */ = {isa = PBXFileReference; name = "talking.json"; path = "/Users/filipepereira/Agentifai/projects/mobile/ionic/client-assistant-integration-app/projects/cgd/platforms/ios/Agentifai CGD/Resources/Agentifai/resources/talking.json"; sourceTree = "<group>"; fileEncoding = undefined; lastKnownFileType = unknown; explicitFileType = undefined; includeInIndex = 0; };
		EA53CFA457CF4EAEA67D7E61 /* typing.json */ = {isa = PBXFileReference; name = "typing.json"; path = "/Users/filipepereira/Agentifai/projects/mobile/ionic/client-assistant-integration-app/projects/cgd/platforms/ios/Agentifai CGD/Resources/Agentifai/resources/typing.json"; sourceTree = "<group>"; fileEncoding = undefined; lastKnownFileType = unknown; explicitFileType = undefined; includeInIndex = 0; };
		D618C8BD6723437390F4A8AB /* Agentifai-Symbols.ttf */ = {isa = PBXFileReference; name = "Agentifai-Symbols.ttf"; path = "/Users/filipepereira/Agentifai/projects/mobile/ionic/client-assistant-integration-app/projects/cgd/platforms/ios/Agentifai CGD/Resources/Agentifai/fonts/Agentifai-Symbols.ttf"; sourceTree = "<group>"; fileEncoding = undefined; lastKnownFileType = unknown; explicitFileType = undefined; includeInIndex = 0; };
		2A1E0EB867524323B1F18BF2 /* Roboto-Bold.ttf */ = {isa = PBXFileReference; name = "Roboto-Bold.ttf"; path = "/Users/filipepereira/Agentifai/projects/mobile/ionic/client-assistant-integration-app/projects/cgd/platforms/ios/Agentifai CGD/Resources/Agentifai/fonts/Roboto-Bold.ttf"; sourceTree = "<group>"; fileEncoding = undefined; lastKnownFileType = unknown; explicitFileType = undefined; includeInIndex = 0; };
		25431BAE11C54B78BEAE9CDA /* Roboto-Italic.ttf */ = {isa = PBXFileReference; name = "Roboto-Italic.ttf"; path = "/Users/filipepereira/Agentifai/projects/mobile/ionic/client-assistant-integration-app/projects/cgd/platforms/ios/Agentifai CGD/Resources/Agentifai/fonts/Roboto-Italic.ttf"; sourceTree = "<group>"; fileEncoding = undefined; lastKnownFileType = unknown; explicitFileType = undefined; includeInIndex = 0; };
		BD220646E87A47AE9F75D80A /* Roboto-Light.ttf */ = {isa = PBXFileReference; name = "Roboto-Light.ttf"; path = "/Users/filipepereira/Agentifai/projects/mobile/ionic/client-assistant-integration-app/projects/cgd/platforms/ios/Agentifai CGD/Resources/Agentifai/fonts/Roboto-Light.ttf"; sourceTree = "<group>"; fileEncoding = undefined; lastKnownFileType = unknown; explicitFileType = undefined; includeInIndex = 0; };
		13A6F7DBE89842DCAAE2FE97 /* Roboto-Medium.ttf */ = {isa = PBXFileReference; name = "Roboto-Medium.ttf"; path = "/Users/filipepereira/Agentifai/projects/mobile/ionic/client-assistant-integration-app/projects/cgd/platforms/ios/Agentifai CGD/Resources/Agentifai/fonts/Roboto-Medium.ttf"; sourceTree = "<group>"; fileEncoding = undefined; lastKnownFileType = unknown; explicitFileType = undefined; includeInIndex = 0; };
		BDB77B46D775480E99898FA2 /* Roboto-Regular.ttf */ = {isa = PBXFileReference; name = "Roboto-Regular.ttf"; path = "/Users/filipepereira/Agentifai/projects/mobile/ionic/client-assistant-integration-app/projects/cgd/platforms/ios/Agentifai CGD/Resources/Agentifai/fonts/Roboto-Regular.ttf"; sourceTree = "<group>"; fileEncoding = undefined; lastKnownFileType = unknown; explicitFileType = undefined; includeInIndex = 0; };
/* End PBXFileReference section */

/* Begin PBXFrameworksBuildPhase section */
		1D60588F0D05DD3D006BFB54 /* Frameworks */ = {
			isa = PBXFrameworksBuildPhase;
			buildActionMask = 2147483647;
			files = (
				301BF552109A68D80062928A /* libCordova.a in Frameworks */,
				E52C36BA1FB041FF883B2D8A /* Security.framework in Frameworks */,
				4DB58ADC04874F6E9DACF82B /* SystemConfiguration.framework in Frameworks */,
				63120F4D24EC350635B45648 /* Pods_Agentifai_CGD.framework in Frameworks */,
				97530F2BBDBD45FBA849CBE1 /* WebKit.framework in Frameworks */,
				D10184E5BD624C02AF495037 /* CoreTelephony.framework in Frameworks */,
				9EAC960A1A3B4705A7D151A7 /* Speech.framework in Frameworks */,
				AA030F49BC2E49239EF17E1B /* Social.framework in Frameworks */,
				1EDBDE0A9BB64A7C9A656A73 /* MessageUI.framework in Frameworks */,
			);
			runOnlyForDeploymentPostprocessing = 0;
		};
/* End PBXFrameworksBuildPhase section */

/* Begin PBXGroup section */
		080E96DDFE201D6D7F000001 /* Classes */ = {
			isa = PBXGroup;
			children = (
				302D95EE14D2391D003F00A1 /* MainViewController.h */,
				302D95EF14D2391D003F00A1 /* MainViewController.m */,
				302D95F014D2391D003F00A1 /* MainViewController.xib */,
				1D3623240D0F684500981E51 /* AppDelegate.h */,
				1D3623250D0F684500981E51 /* AppDelegate.m */,
			);
			name = Classes;
			path = "Agentifai CGD/Classes";
			sourceTree = SOURCE_ROOT;
		};
		19C28FACFE9D520D11CA2CBB /* Products */ = {
			isa = PBXGroup;
			children = (
				1D6058910D05DD3D006BFB54 /* Agentifai CGD.app */,
			);
			name = Products;
			sourceTree = "<group>";
		};
		29B97314FDCFA39411CA2CEA = {
			isa = PBXGroup;
			children = (
				EB87FDF41871DAF40020F90C /* config.xml */,
				EB87FDF31871DA8E0020F90C /* www */,
				EB87FDF11871DA420020F90C /* Staging */,
				301BF52D109A57CC0062928A /* CordovaLib.xcodeproj */,
				080E96DDFE201D6D7F000001 /* Classes */,
				307C750510C5A3420062BCA9 /* Plugins */,
				29B97315FDCFA39411CA2CEA /* Other Sources */,
				29B97317FDCFA39411CA2CEA /* Resources */,
				29B97323FDCFA39411CA2CEA /* Frameworks */,
				19C28FACFE9D520D11CA2CBB /* Products */,
				CAA2E4CB5F2872407A0FBD93 /* Pods */,
			);
			name = CustomTemplate;
			sourceTree = "<group>";
		};
		29B97315FDCFA39411CA2CEA /* Other Sources */ = {
			isa = PBXGroup;
			children = (
				32CA4F630368D1EE00C91783 /* Agentifai CGD-Prefix.pch */,
				29B97316FDCFA39411CA2CEA /* main.m */,
				ED33DF2A687741AEAF9F8254 /* Bridging-Header.h */,
			);
			name = "Other Sources";
			path = "Agentifai CGD";
			sourceTree = "<group>";
		};
		29B97317FDCFA39411CA2CEA /* Resources */ = {
			isa = PBXGroup;
			children = (
				0207DA571B56EA530066E2B4 /* Images.xcassets */,
				3047A50E1AB8057F00498E2A /* config */,
				8D1107310486CEB800E47090 /* Agentifai CGD-Info.plist */,
				6AFF5BF81D6E424B00AB3073 /* CDVLaunchScreen.storyboard */,
				4BCF0A75833044BFB587A1C6 /* GoogleService-Info.plist */,
				FC52DF74EACE4B90A953814B /* AssistantConfiguration.json */,
				BABD5BAC725F4F32A94A0B40 /* AssistantConfigurationDark.json */,
				12DE5F9B55CC4C97A6081157 /* close.json */,
				3986C1A9393D4756B02D6C73 /* info.json */,
				C5EC7CFAD4A7419B821752B9 /* info_close.json */,
				84B0ECCF1119453AA825BB70 /* info_open.json */,
				3E0F97830AFF4B00896EDFBD /* loading.json */,
				F257D596D7C94034ACBD6C04 /* open.json */,
				E22978E1B24A4F9DB1E7D4E9 /* standby.json */,
				80155B77B6DE419FB07BBAF5 /* talking.json */,
				EA53CFA457CF4EAEA67D7E61 /* typing.json */,
				D618C8BD6723437390F4A8AB /* Agentifai-Symbols.ttf */,
				2A1E0EB867524323B1F18BF2 /* Roboto-Bold.ttf */,
				25431BAE11C54B78BEAE9CDA /* Roboto-Italic.ttf */,
				BD220646E87A47AE9F75D80A /* Roboto-Light.ttf */,
				13A6F7DBE89842DCAAE2FE97 /* Roboto-Medium.ttf */,
				BDB77B46D775480E99898FA2 /* Roboto-Regular.ttf */,
			);
			name = Resources;
			path = "Agentifai CGD/Resources";
			sourceTree = "<group>";
		};
		29B97323FDCFA39411CA2CEA /* Frameworks */ = {
			isa = PBXGroup;
			children = (
				6D1F56D99F1249D0914DDAE4 /* Security.framework */,
				0191A073584F437EB7961563 /* SystemConfiguration.framework */,
				AF6EF25742AEE7823FEB6CF2 /* Pods_Agentifai_CGD.framework */,
				8AFAD5B1300B4E098FF9D9B3 /* WebKit.framework */,
				2C3C2AC4CDA9428C9E63212E /* CoreTelephony.framework */,
				634C0D4A88B04816A018EF42 /* Speech.framework */,
				F3B9A9732AB54C49B1E9BE6F /* Social.framework */,
				D121075F82A54301B688C31D /* MessageUI.framework */,
			);
			name = Frameworks;
			sourceTree = "<group>";
		};
		301BF52E109A57CC0062928A /* Products */ = {
			isa = PBXGroup;
			children = (
				301BF535109A57CC0062928A /* libCordova.a */,
				907D8124214C687600058A10 /* Cordova.framework */,
			);
			name = Products;
			sourceTree = "<group>";
		};
		3047A50E1AB8057F00498E2A /* config */ = {
			isa = PBXGroup;
			children = (
				3047A50F1AB8059700498E2A /* build-debug.xcconfig */,
				3047A5101AB8059700498E2A /* build-release.xcconfig */,
				3047A5111AB8059700498E2A /* build.xcconfig */,
			);
			name = config;
			sourceTree = "<group>";
		};
		307C750510C5A3420062BCA9 /* Plugins */ = {
			isa = PBXGroup;
			children = (
				B6603EB0B85742A9A830243E /* ThreeDeeTouch.m */,
				387CC02017D5411D8CA58C14 /* AppDelegate+threedeetouch.m */,
				CB60AA0F82614123A67BAEA5 /* ThreeDeeTouch.h */,
				1681AFF5F1B84261A624685B /* AppDelegate+threedeetouch.h */,
				AB5FAE58BA50488B96599C94 /* CDVFile.m */,
				AE62A418604A486D8B6080BE /* CDVLocalFilesystem.m */,
				47D5BB23B56E4556BA319EF8 /* CDVAssetLibraryFilesystem.m */,
				DE70FA6E5C4244B19BCB7A3F /* CDVFile.h */,
				BF587B5108F549B9947B66B8 /* CDVLocalFilesystem.h */,
				7CED978623134ADCBDB719F2 /* CDVAssetLibraryFilesystem.h */,
				1789624D1C67491CB112BF01 /* CordovaHttpPlugin.m */,
				9BE7003F414D4EE8AE96B6E3 /* BinaryRequestSerializer.m */,
				8919B359F8AE47FE90E40DB4 /* BinaryResponseSerializer.m */,
				E70696E305A541368B204435 /* TextResponseSerializer.m */,
				D696CFC5BA33451B916517D7 /* TextRequestSerializer.m */,
				174677BC35BB4A48B88EC44E /* AFHTTPSessionManager.m */,
				8A3D0D9EF27942E4AE2D5891 /* AFNetworkReachabilityManager.m */,
				92A88DE5656F49999081C8E5 /* AFSecurityPolicy.m */,
				C3261449D5964D71ABF632AD /* AFURLRequestSerialization.m */,
				E10735A6707E425384E911C8 /* AFURLResponseSerialization.m */,
				B8B419AEE60A4EDFB3592570 /* AFURLSessionManager.m */,
				36479DE4D7994A4FBC7E9F40 /* SDNetworkActivityIndicator.m */,
				F6C30FEAA32242CBBAC80A26 /* CordovaHttpPlugin.h */,
				FF1F94417AD044E1A415D85D /* BinaryRequestSerializer.h */,
				AB1544A0654E449EB6D42728 /* BinaryResponseSerializer.h */,
				FC9918DF633A427C926A00BD /* TextResponseSerializer.h */,
				1AA0BFFC7EC24D8F83BFC659 /* TextRequestSerializer.h */,
				A98279E95AFC46F89C51C9DF /* AFHTTPSessionManager.h */,
				684BE576B4224BE98409DD6B /* AFNetworking.h */,
				1CAA0B6A6343405F800FCBD0 /* AFNetworkReachabilityManager.h */,
				3318DC981BC745F9BB4459CB /* AFSecurityPolicy.h */,
				C5141F9F5D804FFF892FD8C6 /* AFURLRequestSerialization.h */,
				1E73D18420004F4FB4D80E5F /* AFURLResponseSerialization.h */,
				B2434CD1A11E43449FE926A7 /* AFURLSessionManager.h */,
				7BA68E7EB6194FB9B55A9070 /* SDNetworkActivityIndicator.h */,
				0A8469DD0BFD4EA09FB66DD5 /* AppVersion.m */,
				F7B20274FFEC49819AC64EAE /* AppVersion.h */,
				D7D07C05E84C4861818C1657 /* AppAvailability.m */,
				E3919C476A34443A9804FB48 /* AppAvailability.h */,
				B58500BC0CB64E1FB5D29F85 /* CDVDevice.m */,
				341EE6699B9E4D38A1CAC100 /* CDVDevice.h */,
				AF70C22E7B59430BA4AE295E /* FileOpener2.m */,
				6D42D19662D949A688FB06C1 /* FileOpener2.h */,
				B285CF8CB2744D03B41790A2 /* Fingerprint.swift */,
				0BD4D95A88C6433DADFBE169 /* Bridging-Header.h */,
				0A48222B20F94C3B8D4AD481 /* FirebaseAnalyticsPlugin.m */,
				5E44800E50DC48738C591609 /* FirebaseAnalyticsPlugin.h */,
				0DC19BF37AF34FC1A8E88A9F /* FirebaseCrashlyticsPlugin.m */,
				19ABE27A6CEE4BE5B20AB154 /* FirebaseCrashlyticsPlugin.h */,
				9ED0B4F1275E44CCBFF84BDA /* AppDelegate+FirebaseMessagingPlugin.m */,
				ABAF20C5DF8B45B59953B5EB /* FirebaseMessagingPlugin.m */,
				111DE76D2CC54243B713A5EC /* AppDelegate+FirebaseMessagingPlugin.h */,
				7E143408620042DEBF72E25F /* FirebaseMessagingPlugin.h */,
				B1BB1496F1A94012925E19B1 /* CDVInAppBrowserOptions.m */,
				EFBC01721F94432EAD78E9EC /* CDVInAppBrowserNavigationController.m */,
				DEF8E79048F0456190AB5B15 /* CDVWKInAppBrowser.m */,
				9EF8BBAF0645497DA639E925 /* CDVWKInAppBrowserUIDelegate.m */,
				F52B3CE0666048298E926C7C /* CDVInAppBrowserOptions.h */,
				914DB28FD67B4883A29AE502 /* CDVInAppBrowserNavigationController.h */,
				3E3F463225034B7A85694216 /* CDVWKInAppBrowser.h */,
				274B7F9B5E6B4D1E949ABA46 /* CDVWKInAppBrowserUIDelegate.h */,
				81B3229F9C5249B1A1B97DBD /* CDVIonicKeyboard.m */,
				CCA3056E638B4D88AB5F8A5F /* CDVIonicKeyboard.h */,
				0DFA7C80E1FB4D5BB2CBB7E6 /* CDVWKWebViewEngine.m */,
				891E974D9CCB4DB8B9B9BDBC /* CDVWKWebViewUIDelegate.m */,
				13A40557BE404D45859831EA /* CDVWKProcessPoolFactory.m */,
				FCB6079421BB4FBEB8F2452D /* IONAssetHandler.m */,
				7F18D574DE7C4E859DBF9FED /* CDVWKWebViewEngine.h */,
				E29C4DB604BD4E328D761BB3 /* CDVWKWebViewUIDelegate.h */,
				9ED399936CD74912ADAD35A5 /* CDVWKProcessPoolFactory.h */,
				394610478CC84C74B8303E37 /* IONAssetHandler.h */,
				C5644BA67FDE4CACAB3B89FF /* IRoot.m */,
				BB1A2E0AC7E847618DEF278E /* IRoot.h */,
				0657BC57AB564D53B711F398 /* NativeStorage.m */,
				AAEABD126E5D4579B6A7C262 /* NativeStorage.h */,
				EF7B071EC7204481BA011C46 /* CDVOrientation.m */,
				09764CE0D74F4428A7F925CE /* CDVOrientation.h */,
				57C8B9A2198444BFA866FF1C /* SecureKeyStore.m */,
				7F264158B18043DE9BA5B36F /* KeychainItemWrapper.h */,
				09C044216FBD4D609859259A /* KeychainItemWrapper.m */,
				EA155D320D224DB8B4C58237 /* SecureKeyStore.h */,
				7CBFE97E2F23423186135A12 /* Sim.m */,
				93760AB14814497DB640DDC0 /* Sim.h */,
				9F0A73A28BE8414AA157AD87 /* SpeechRecognition.m */,
				2915AAA1A8E045FE8DB5C1E2 /* SpeechRecognition.h */,
				73482ADEE2744F2C83712980 /* CDVStatusBar.m */,
				CFDE886D9D9B4F4A98062B2C /* CDVStatusBar.h */,
				81D3BC8D9A054A4FB541A68F /* NSString+SSURLEncoding.m */,
				15520EE38F004037B429C0F9 /* SocialSharing.m */,
				1D09DA2C76E148E190E0171A /* NSString+SSURLEncoding.h */,
				386DCABB9ABA46FEA98D6686 /* SocialSharing.h */,
				C0D03299CCC94AE5869D2FA8 /* AgentifaiBridge.swift */,
				BCA2ACD8CB8249F8B9364262 /* AgentifaiHelper.swift */,
				6D4908A8309E43B1A74268E8 /* AgentifaiPluginError.swift */,
			);
			name = Plugins;
			path = "Agentifai CGD/Plugins";
			sourceTree = SOURCE_ROOT;
		};
		CAA2E4CB5F2872407A0FBD93 /* Pods */ = {
			isa = PBXGroup;
			children = (
				6E2F782E4880CAFA7192F19F /* Pods-Agentifai CGD.debug.xcconfig */,
				BBF48622DD0B699F0B23DEE0 /* Pods-Agentifai CGD.release.xcconfig */,
			);
			name = Pods;
			path = Pods;
			sourceTree = "<group>";
		};
		EB87FDF11871DA420020F90C /* Staging */ = {
			isa = PBXGroup;
			children = (
				F840E1F0165FE0F500CFE078 /* config.xml */,
				301BF56E109A69640062928A /* www */,
			);
			name = Staging;
			sourceTree = "<group>";
		};
/* End PBXGroup section */

/* Begin PBXNativeTarget section */
		1D6058900D05DD3D006BFB54 /* Agentifai CGD */ = {
			isa = PBXNativeTarget;
			buildConfigurationList = 1D6058960D05DD3E006BFB54 /* Build configuration list for PBXNativeTarget "Agentifai CGD" */;
			buildPhases = (
				5B8F6879013584285CD193B4 /* [CP] Check Pods Manifest.lock */,
				304B58A110DAC018002A0835 /* Copy www directory */,
				1D60588D0D05DD3D006BFB54 /* Resources */,
				1D60588E0D05DD3D006BFB54 /* Sources */,
				1D60588F0D05DD3D006BFB54 /* Frameworks */,
				CFC2214A28CAF6BEF3A53D3F /* [CP] Embed Pods Frameworks */,
				EAFB2E4E796CBEF35146853A /* [CP] Copy Pods Resources */,
			);
			buildRules = (
			);
			dependencies = (
				301BF551109A68C00062928A /* PBXTargetDependency */,
			);
			name = "Agentifai CGD";
			productName = "Agentifai CGD";
			productReference = 1D6058910D05DD3D006BFB54 /* Agentifai CGD.app */;
			productType = "com.apple.product-type.application";
		};
/* End PBXNativeTarget section */

/* Begin PBXProject section */
		29B97313FDCFA39411CA2CEA /* Project object */ = {
			isa = PBXProject;
			attributes = {
				LastUpgradeCheck = 1130;
				TargetAttributes = {
					1D6058900D05DD3D006BFB54 = {
						ProvisioningStyle = Automatic;
					};
				};
			};
			buildConfigurationList = C01FCF4E08A954540054247B /* Build configuration list for PBXProject "Agentifai CGD" */;
			compatibilityVersion = "Xcode 11.0";
			developmentRegion = en;
			hasScannedForEncodings = 1;
			knownRegions = (
				en,
				Base,
			);
			mainGroup = 29B97314FDCFA39411CA2CEA;
			productRefGroup = 19C28FACFE9D520D11CA2CBB /* Products */;
			projectDirPath = "";
			projectReferences = (
				{
					ProductGroup = 301BF52E109A57CC0062928A /* Products */;
					ProjectRef = 301BF52D109A57CC0062928A /* CordovaLib.xcodeproj */;
				},
			);
			projectRoot = "";
			targets = (
				1D6058900D05DD3D006BFB54 /* Agentifai CGD */,
			);
		};
/* End PBXProject section */

/* Begin PBXReferenceProxy section */
		301BF535109A57CC0062928A /* libCordova.a */ = {
			isa = PBXReferenceProxy;
			fileType = archive.ar;
			path = libCordova.a;
			remoteRef = 301BF534109A57CC0062928A /* PBXContainerItemProxy */;
			sourceTree = BUILT_PRODUCTS_DIR;
		};
		907D8124214C687600058A10 /* Cordova.framework */ = {
			isa = PBXReferenceProxy;
			fileType = wrapper.framework;
			path = Cordova.framework;
			remoteRef = 907D8123214C687600058A10 /* PBXContainerItemProxy */;
			sourceTree = BUILT_PRODUCTS_DIR;
		};
/* End PBXReferenceProxy section */

/* Begin PBXResourcesBuildPhase section */
		1D60588D0D05DD3D006BFB54 /* Resources */ = {
			isa = PBXResourcesBuildPhase;
			buildActionMask = 2147483647;
			files = (
				302D95F214D2391D003F00A1 /* MainViewController.xib in Resources */,
				0207DA581B56EA530066E2B4 /* Images.xcassets in Resources */,
				6AFF5BF91D6E424B00AB3073 /* CDVLaunchScreen.storyboard in Resources */,
				35703A6FC5A54E09A02D69C5 /* GoogleService-Info.plist in Resources */,
				8B493734764F4ADEB177188F /* AssistantConfiguration.json in Resources */,
				2BA61A54588F4C50AD4B6849 /* AssistantConfigurationDark.json in Resources */,
				57A0034629A94BB2B9B1BBED /* close.json in Resources */,
				27CC85C3C0CC462BA2ADA0C7 /* info.json in Resources */,
				F51B903E5DEB430A96D66E1E /* info_close.json in Resources */,
				358B0C73304F4E9F85B2455B /* info_open.json in Resources */,
				169C8C8D41C6406EB05B26D9 /* loading.json in Resources */,
				B6E63FA311BA413CA63AE039 /* open.json in Resources */,
				9D9C3141EC234C378C3AE3B9 /* standby.json in Resources */,
				4AF448FE136E40CCB3C367E2 /* talking.json in Resources */,
				2409F8E92F8641D2BA957F60 /* typing.json in Resources */,
				B1914EA2509F4415B299F1B6 /* Agentifai-Symbols.ttf in Resources */,
				0B0C6AAA436D47CDAF109B0D /* Roboto-Bold.ttf in Resources */,
				45ABA1C118F443F2A047712A /* Roboto-Italic.ttf in Resources */,
				36ECF1D913994FA8A585F62A /* Roboto-Light.ttf in Resources */,
				EC64546C682C4A408B5A0609 /* Roboto-Medium.ttf in Resources */,
				D58C9DE3F7BE4972A3694A46 /* Roboto-Regular.ttf in Resources */,
			);
			runOnlyForDeploymentPostprocessing = 0;
		};
/* End PBXResourcesBuildPhase section */

/* Begin PBXShellScriptBuildPhase section */
		304B58A110DAC018002A0835 /* Copy www directory */ = {
			isa = PBXShellScriptBuildPhase;
			buildActionMask = 2147483647;
			files = (
			);
			inputPaths = (
			);
			name = "Copy www directory";
			outputPaths = (
			);
			runOnlyForDeploymentPostprocessing = 0;
			shellPath = /bin/sh;
			shellScript = "\"$SRCROOT/Agentifai CGD/Scripts/copy-www-build-step.sh\"";
			showEnvVarsInLog = 0;
		};
		5B8F6879013584285CD193B4 /* [CP] Check Pods Manifest.lock */ = {
			isa = PBXShellScriptBuildPhase;
			buildActionMask = 2147483647;
			files = (
			);
			inputFileListPaths = (
			);
			inputPaths = (
				"${PODS_PODFILE_DIR_PATH}/Podfile.lock",
				"${PODS_ROOT}/Manifest.lock",
			);
			name = "[CP] Check Pods Manifest.lock";
			outputFileListPaths = (
			);
			outputPaths = (
				"$(DERIVED_FILE_DIR)/Pods-Agentifai CGD-checkManifestLockResult.txt",
			);
			runOnlyForDeploymentPostprocessing = 0;
			shellPath = /bin/sh;
			shellScript = "diff \"${PODS_PODFILE_DIR_PATH}/Podfile.lock\" \"${PODS_ROOT}/Manifest.lock\" > /dev/null\nif [ $? != 0 ] ; then\n    # print error to STDERR\n    echo \"error: The sandbox is not in sync with the Podfile.lock. Run 'pod install' or update your CocoaPods installation.\" >&2\n    exit 1\nfi\n# This output is used by Xcode 'outputs' to avoid re-running this script phase.\necho \"SUCCESS\" > \"${SCRIPT_OUTPUT_FILE_0}\"\n";
			showEnvVarsInLog = 0;
		};
		CFC2214A28CAF6BEF3A53D3F /* [CP] Embed Pods Frameworks */ = {
			isa = PBXShellScriptBuildPhase;
			buildActionMask = 2147483647;
			files = (
			);
			inputFileListPaths = (
				"${PODS_ROOT}/Target Support Files/Pods-Agentifai CGD/Pods-Agentifai CGD-frameworks-${CONFIGURATION}-input-files.xcfilelist",
			);
			name = "[CP] Embed Pods Frameworks";
			outputFileListPaths = (
				"${PODS_ROOT}/Target Support Files/Pods-Agentifai CGD/Pods-Agentifai CGD-frameworks-${CONFIGURATION}-output-files.xcfilelist",
			);
			runOnlyForDeploymentPostprocessing = 0;
			shellPath = /bin/sh;
			shellScript = "\"${PODS_ROOT}/Target Support Files/Pods-Agentifai CGD/Pods-Agentifai CGD-frameworks.sh\"\n";
			showEnvVarsInLog = 0;
		};
		EAFB2E4E796CBEF35146853A /* [CP] Copy Pods Resources */ = {
			isa = PBXShellScriptBuildPhase;
			buildActionMask = 2147483647;
			files = (
			);
			inputFileListPaths = (
				"${PODS_ROOT}/Target Support Files/Pods-Agentifai CGD/Pods-Agentifai CGD-resources-${CONFIGURATION}-input-files.xcfilelist",
			);
			name = "[CP] Copy Pods Resources";
			outputFileListPaths = (
				"${PODS_ROOT}/Target Support Files/Pods-Agentifai CGD/Pods-Agentifai CGD-resources-${CONFIGURATION}-output-files.xcfilelist",
			);
			runOnlyForDeploymentPostprocessing = 0;
			shellPath = /bin/sh;
			shellScript = "\"${PODS_ROOT}/Target Support Files/Pods-Agentifai CGD/Pods-Agentifai CGD-resources.sh\"\n";
			showEnvVarsInLog = 0;
		};
/* End PBXShellScriptBuildPhase section */

/* Begin PBXSourcesBuildPhase section */
		1D60588E0D05DD3D006BFB54 /* Sources */ = {
			isa = PBXSourcesBuildPhase;
			buildActionMask = 2147483647;
			files = (
				1D60589B0D05DD56006BFB54 /* main.m in Sources */,
				1D3623260D0F684500981E51 /* AppDelegate.m in Sources */,
				302D95F114D2391D003F00A1 /* MainViewController.m in Sources */,
				D9D6453839F54F0691A39EA2 /* ThreeDeeTouch.m in Sources */,
				93DE7F21B4694A889B211518 /* AppDelegate+threedeetouch.m in Sources */,
				D3FF06A791574662BD061AAF /* CDVFile.m in Sources */,
				9F8FF2FEBAEA47D78BCB688A /* CDVLocalFilesystem.m in Sources */,
				273B0ED5A01F4FF9BD3E33B3 /* CDVAssetLibraryFilesystem.m in Sources */,
				7141DCE15E89486B9E1CE785 /* CordovaHttpPlugin.m in Sources */,
				9D6FDEBAA7EF44D8891FC700 /* BinaryRequestSerializer.m in Sources */,
				7A8A16F408F2488E9C3EB924 /* BinaryResponseSerializer.m in Sources */,
				7492E846F8194EB8B4F22C4C /* TextResponseSerializer.m in Sources */,
				E75241C5F5DC46AF9EED87DB /* TextRequestSerializer.m in Sources */,
				F8ECFF610670419CA44BE7D8 /* AFHTTPSessionManager.m in Sources */,
				6D892AB8B1CD43069310F6A2 /* AFNetworkReachabilityManager.m in Sources */,
				F626BBED9FE440D08AF23714 /* AFSecurityPolicy.m in Sources */,
				3770CA26353D4401B86BCB7B /* AFURLRequestSerialization.m in Sources */,
				4814EED063C14C899EC07DA1 /* AFURLResponseSerialization.m in Sources */,
				1B2FAC1156E14FB0B8380D83 /* AFURLSessionManager.m in Sources */,
				9196CAC3207A4F0BBDCE0A86 /* SDNetworkActivityIndicator.m in Sources */,
				75B549E2B12E4A9D85B4AE72 /* AppVersion.m in Sources */,
				58E3C4D77D9F4CE0BE3A15D2 /* AppAvailability.m in Sources */,
				81D6A8FD424B45B5B19F1E81 /* CDVDevice.m in Sources */,
				E6C665F57E634A71866B6B2E /* FileOpener2.m in Sources */,
				4861B163AE02437DB821D69D /* Fingerprint.swift in Sources */,
				E996FB24196640809CDB172E /* FirebaseAnalyticsPlugin.m in Sources */,
				07211FD498F640BDA0AFC9A0 /* FirebaseCrashlyticsPlugin.m in Sources */,
				5B3F0049A5AC4718A68703C1 /* AppDelegate+FirebaseMessagingPlugin.m in Sources */,
				1E0B30E8A28D4C31B5BF80BA /* FirebaseMessagingPlugin.m in Sources */,
				5637565C087D4E9CA0E7DB46 /* CDVInAppBrowserOptions.m in Sources */,
				4943858169104A85AED195B1 /* CDVInAppBrowserNavigationController.m in Sources */,
				754921D68B1A4D728A7DB9E1 /* CDVWKInAppBrowser.m in Sources */,
				7146D5B2F90F476397C2E0D7 /* CDVWKInAppBrowserUIDelegate.m in Sources */,
				7F4E161422C24D0DB3BA06C7 /* CDVIonicKeyboard.m in Sources */,
				2A1835A68C2948F9B5B72F82 /* CDVWKWebViewEngine.m in Sources */,
				9D2EBE408CDC443AAA61942C /* CDVWKWebViewUIDelegate.m in Sources */,
				F238C184AD08455EB1041196 /* CDVWKProcessPoolFactory.m in Sources */,
				A91C27C1EE3D434C85F8EF02 /* IONAssetHandler.m in Sources */,
				11338F117334413C975D7415 /* IRoot.m in Sources */,
				7A16D5278A124F6FA5F0ABA9 /* NativeStorage.m in Sources */,
				74CBCFDB4EA443509066D4C8 /* CDVOrientation.m in Sources */,
				A1553D7D1D5B46C2AC1FC069 /* SecureKeyStore.m in Sources */,
				63181C8C8F0E41D680F1D33E /* KeychainItemWrapper.h in Sources */,
				A7F4BCAFD0084F12B5B58047 /* KeychainItemWrapper.m in Sources */,
				5041EEDB58404C01B45BE2EE /* Sim.m in Sources */,
				1A54976B9242450FBB28CEB1 /* SpeechRecognition.m in Sources */,
				C68BFC3D65634E449B7FEF01 /* CDVStatusBar.m in Sources */,
				06EF73BF7C834A25AAE0626C /* NSString+SSURLEncoding.m in Sources */,
				D206A82E7EE04BD988EF8413 /* SocialSharing.m in Sources */,
				379E2C6826614D28ABEAFD74 /* AgentifaiBridge.swift in Sources */,
				14B27BA0C0804B98861FC3F0 /* AgentifaiHelper.swift in Sources */,
				9EAF758A1EE843B59495FB9B /* AgentifaiPluginError.swift in Sources */,
			);
			runOnlyForDeploymentPostprocessing = 0;
		};
/* End PBXSourcesBuildPhase section */

/* Begin PBXTargetDependency section */
		301BF551109A68C00062928A /* PBXTargetDependency */ = {
			isa = PBXTargetDependency;
			name = CordovaLib;
			targetProxy = 301BF550109A68C00062928A /* PBXContainerItemProxy */;
		};
/* End PBXTargetDependency section */

/* Begin XCBuildConfiguration section */
		1D6058940D05DD3E006BFB54 /* Debug */ = {
			isa = XCBuildConfiguration;
			baseConfigurationReference = 3047A50F1AB8059700498E2A /* build-debug.xcconfig */;
			buildSettings = {
				ALWAYS_EMBED_SWIFT_STANDARD_LIBRARIES = YES;
				ALWAYS_SEARCH_USER_PATHS = NO;
				ASSETCATALOG_COMPILER_APPICON_NAME = AppIcon;
				CLANG_ENABLE_MODULES = YES;
				CLANG_ENABLE_OBJC_ARC = YES;
				COPY_PHASE_STRIP = NO;
				GCC_DYNAMIC_NO_PIC = NO;
				GCC_OPTIMIZATION_LEVEL = 0;
				GCC_PRECOMPILE_PREFIX_HEADER = YES;
				GCC_PREFIX_HEADER = "Agentifai CGD/Agentifai CGD-Prefix.pch";
				GCC_THUMB_SUPPORT = NO;
				GCC_VERSION = "";
				INFOPLIST_FILE = "Agentifai CGD/Agentifai CGD-Info.plist";
				IPHONEOS_DEPLOYMENT_TARGET = 13.0;
				LD_RUNPATH_SEARCH_PATHS = "@executable_path/Frameworks";
				PRODUCT_BUNDLE_IDENTIFIER = com.agentifai.assistant.cgd;
				PRODUCT_NAME = "$(TARGET_NAME)";
				SWIFT_OBJC_BRIDGING_HEADER = "$(PROJECT_DIR)/$(PROJECT_NAME)/Bridging-Header.h";
				SWIFT_OPTIMIZATION_LEVEL = "-Onone";
				SWIFT_VERSION = 4;
				TARGETED_DEVICE_FAMILY = "1,2";
				VALIDATE_WORKSPACE = NO;
			};
			name = Debug;
		};
		1D6058950D05DD3E006BFB54 /* Release */ = {
			isa = XCBuildConfiguration;
			baseConfigurationReference = 3047A5101AB8059700498E2A /* build-release.xcconfig */;
			buildSettings = {
				ALWAYS_EMBED_SWIFT_STANDARD_LIBRARIES = YES;
				ALWAYS_SEARCH_USER_PATHS = NO;
				ASSETCATALOG_COMPILER_APPICON_NAME = AppIcon;
				CLANG_ENABLE_MODULES = YES;
				CLANG_ENABLE_OBJC_ARC = YES;
				COPY_PHASE_STRIP = YES;
				GCC_PRECOMPILE_PREFIX_HEADER = YES;
				GCC_PREFIX_HEADER = "Agentifai CGD/Agentifai CGD-Prefix.pch";
				GCC_THUMB_SUPPORT = NO;
				GCC_VERSION = "";
				INFOPLIST_FILE = "Agentifai CGD/Agentifai CGD-Info.plist";
				IPHONEOS_DEPLOYMENT_TARGET = 13.0;
				LD_RUNPATH_SEARCH_PATHS = "@executable_path/Frameworks";
				PRODUCT_BUNDLE_IDENTIFIER = com.agentifai.assistant.cgd;
				PRODUCT_NAME = "$(TARGET_NAME)";
				SWIFT_OBJC_BRIDGING_HEADER = "$(PROJECT_DIR)/$(PROJECT_NAME)/Bridging-Header.h";
				SWIFT_VERSION = 4;
				TARGETED_DEVICE_FAMILY = "1,2";
				VALIDATE_WORKSPACE = NO;
			};
			name = Release;
		};
		C01FCF4F08A954540054247B /* Debug */ = {
			isa = XCBuildConfiguration;
			baseConfigurationReference = 3047A5111AB8059700498E2A /* build.xcconfig */;
			buildSettings = {
				ALWAYS_EMBED_SWIFT_STANDARD_LIBRARIES = YES;
				CLANG_ANALYZER_LOCALIZABILITY_NONLOCALIZED = YES;
				CLANG_ENABLE_MODULES = YES;
				CLANG_ENABLE_OBJC_ARC = YES;
				CLANG_WARN_BLOCK_CAPTURE_AUTORELEASING = YES;
				CLANG_WARN_BOOL_CONVERSION = YES;
				CLANG_WARN_COMMA = YES;
				CLANG_WARN_CONSTANT_CONVERSION = YES;
				CLANG_WARN_DEPRECATED_OBJC_IMPLEMENTATIONS = YES;
				CLANG_WARN_EMPTY_BODY = YES;
				CLANG_WARN_ENUM_CONVERSION = YES;
				CLANG_WARN_INFINITE_RECURSION = YES;
				CLANG_WARN_INT_CONVERSION = YES;
				CLANG_WARN_NON_LITERAL_NULL_CONVERSION = YES;
				CLANG_WARN_OBJC_IMPLICIT_RETAIN_SELF = YES;
				CLANG_WARN_OBJC_LITERAL_CONVERSION = YES;
				CLANG_WARN_RANGE_LOOP_ANALYSIS = YES;
				CLANG_WARN_STRICT_PROTOTYPES = YES;
				CLANG_WARN_SUSPICIOUS_MOVE = YES;
				CLANG_WARN_UNREACHABLE_CODE = YES;
				CLANG_WARN__DUPLICATE_METHOD_MATCH = YES;
				ENABLE_STRICT_OBJC_MSGSEND = YES;
				ENABLE_TESTABILITY = YES;
				GCC_C_LANGUAGE_STANDARD = c99;
				GCC_NO_COMMON_BLOCKS = YES;
				GCC_THUMB_SUPPORT = NO;
				GCC_VERSION = "";
				GCC_WARN_64_TO_32_BIT_CONVERSION = YES;
				GCC_WARN_ABOUT_RETURN_TYPE = YES;
				GCC_WARN_UNDECLARED_SELECTOR = YES;
				GCC_WARN_UNINITIALIZED_AUTOS = YES;
				GCC_WARN_UNUSED_FUNCTION = YES;
				GCC_WARN_UNUSED_VARIABLE = YES;
				IPHONEOS_DEPLOYMENT_TARGET = 13.0;
				ONLY_ACTIVE_ARCH = YES;
				SDKROOT = iphoneos;
				SKIP_INSTALL = NO;
				SWIFT_OBJC_BRIDGING_HEADER = "$(PROJECT_DIR)/$(PROJECT_NAME)/Bridging-Header.h";
				SWIFT_OPTIMIZATION_LEVEL = "-Onone";
				SWIFT_VERSION = 4;
				WK_WEB_VIEW_ONLY = 1;
			};
			name = Debug;
		};
		C01FCF5008A954540054247B /* Release */ = {
			isa = XCBuildConfiguration;
			baseConfigurationReference = 3047A5111AB8059700498E2A /* build.xcconfig */;
			buildSettings = {
				ALWAYS_EMBED_SWIFT_STANDARD_LIBRARIES = YES;
				CLANG_ANALYZER_LOCALIZABILITY_NONLOCALIZED = YES;
				CLANG_ENABLE_MODULES = YES;
				CLANG_ENABLE_OBJC_ARC = YES;
				CLANG_WARN_BLOCK_CAPTURE_AUTORELEASING = YES;
				CLANG_WARN_BOOL_CONVERSION = YES;
				CLANG_WARN_COMMA = YES;
				CLANG_WARN_CONSTANT_CONVERSION = YES;
				CLANG_WARN_DEPRECATED_OBJC_IMPLEMENTATIONS = YES;
				CLANG_WARN_EMPTY_BODY = YES;
				CLANG_WARN_ENUM_CONVERSION = YES;
				CLANG_WARN_INFINITE_RECURSION = YES;
				CLANG_WARN_INT_CONVERSION = YES;
				CLANG_WARN_NON_LITERAL_NULL_CONVERSION = YES;
				CLANG_WARN_OBJC_IMPLICIT_RETAIN_SELF = YES;
				CLANG_WARN_OBJC_LITERAL_CONVERSION = YES;
				CLANG_WARN_RANGE_LOOP_ANALYSIS = YES;
				CLANG_WARN_STRICT_PROTOTYPES = YES;
				CLANG_WARN_SUSPICIOUS_MOVE = YES;
				CLANG_WARN_UNREACHABLE_CODE = YES;
				CLANG_WARN__DUPLICATE_METHOD_MATCH = YES;
				ENABLE_STRICT_OBJC_MSGSEND = YES;
				GCC_C_LANGUAGE_STANDARD = c99;
				GCC_NO_COMMON_BLOCKS = YES;
				GCC_THUMB_SUPPORT = NO;
				GCC_VERSION = "";
				GCC_WARN_64_TO_32_BIT_CONVERSION = YES;
				GCC_WARN_ABOUT_RETURN_TYPE = YES;
				GCC_WARN_UNDECLARED_SELECTOR = YES;
				GCC_WARN_UNINITIALIZED_AUTOS = YES;
				GCC_WARN_UNUSED_FUNCTION = YES;
				GCC_WARN_UNUSED_VARIABLE = YES;
				IPHONEOS_DEPLOYMENT_TARGET = 13.0;
				SDKROOT = iphoneos;
				SKIP_INSTALL = NO;
				SWIFT_OBJC_BRIDGING_HEADER = "$(PROJECT_DIR)/$(PROJECT_NAME)/Bridging-Header.h";
				SWIFT_VERSION = 4;
				WK_WEB_VIEW_ONLY = 1;
			};
			name = Release;
		};
/* End XCBuildConfiguration section */

/* Begin XCConfigurationList section */
		1D6058960D05DD3E006BFB54 /* Build configuration list for PBXNativeTarget "Agentifai CGD" */ = {
			isa = XCConfigurationList;
			buildConfigurations = (
				1D6058940D05DD3E006BFB54 /* Debug */,
				1D6058950D05DD3E006BFB54 /* Release */,
			);
			defaultConfigurationIsVisible = 0;
			defaultConfigurationName = Release;
		};
		C01FCF4E08A954540054247B /* Build configuration list for PBXProject "Agentifai CGD" */ = {
			isa = XCConfigurationList;
			buildConfigurations = (
				C01FCF4F08A954540054247B /* Debug */,
				C01FCF5008A954540054247B /* Release */,
			);
			defaultConfigurationIsVisible = 0;
			defaultConfigurationName = Release;
		};
/* End XCConfigurationList section */
	};
	rootObject = 29B97313FDCFA39411CA2CEA /* Project object */;
}
